// !$*UTF8*$!
{
	archiveVersion = 1;
	classes = {
	};
	objectVersion = 56;
	objects = {

/* Begin PBXBuildFile section */
		255E6F992A22E8830044F3C3 /* hw4App.swift in Sources */ = {isa = PBXBuildFile; fileRef = 255E6F982A22E8830044F3C3 /* hw4App.swift */; };
		255E6F9B2A22E8830044F3C3 /* ContentView.swift in Sources */ = {isa = PBXBuildFile; fileRef = 255E6F9A2A22E8830044F3C3 /* ContentView.swift */; };
		255E6F9D2A22E8840044F3C3 /* Assets.xcassets in Resources */ = {isa = PBXBuildFile; fileRef = 255E6F9C2A22E8840044F3C3 /* Assets.xcassets */; };
		255E6FA12A22E8840044F3C3 /* Preview Assets.xcassets in Resources */ = {isa = PBXBuildFile; fileRef = 255E6FA02A22E8840044F3C3 /* Preview Assets.xcassets */; };
		255E6FAB2A22E8840044F3C3 /* hw4Tests.swift in Sources */ = {isa = PBXBuildFile; fileRef = 255E6FAA2A22E8840044F3C3 /* hw4Tests.swift */; };
		255E6FB52A22E8840044F3C3 /* hw4UITests.swift in Sources */ = {isa = PBXBuildFile; fileRef = 255E6FB42A22E8840044F3C3 /* hw4UITests.swift */; };
		255E6FB72A22E8840044F3C3 /* hw4UITestsLaunchTests.swift in Sources */ = {isa = PBXBuildFile; fileRef = 255E6FB62A22E8840044F3C3 /* hw4UITestsLaunchTests.swift */; };
/* End PBXBuildFile section */

/* Begin PBXContainerItemProxy section */
		255E6FA72A22E8840044F3C3 /* PBXContainerItemProxy */ = {
			isa = PBXContainerItemProxy;
			containerPortal = 255E6F8D2A22E8830044F3C3 /* Project object */;
			proxyType = 1;
			remoteGlobalIDString = 255E6F942A22E8830044F3C3;
			remoteInfo = hw4;
		};
		255E6FB12A22E8840044F3C3 /* PBXContainerItemProxy */ = {
			isa = PBXContainerItemProxy;
			containerPortal = 255E6F8D2A22E8830044F3C3 /* Project object */;
			proxyType = 1;
			remoteGlobalIDString = 255E6F942A22E8830044F3C3;
			remoteInfo = hw4;
		};
/* End PBXContainerItemProxy section */

/* Begin PBXFileReference section */
		255E6F952A22E8830044F3C3 /* hw4.app */ = {isa = PBXFileReference; explicitFileType = wrapper.application; includeInIndex = 0; path = hw4.app; sourceTree = BUILT_PRODUCTS_DIR; };
		255E6F982A22E8830044F3C3 /* hw4App.swift */ = {isa = PBXFileReference; lastKnownFileType = sourcecode.swift; path = hw4App.swift; sourceTree = "<group>"; };
		255E6F9A2A22E8830044F3C3 /* ContentView.swift */ = {isa = PBXFileReference; lastKnownFileType = sourcecode.swift; path = ContentView.swift; sourceTree = "<group>"; };
		255E6F9C2A22E8840044F3C3 /* Assets.xcassets */ = {isa = PBXFileReference; lastKnownFileType = folder.assetcatalog; path = Assets.xcassets; sourceTree = "<group>"; };
		255E6F9E2A22E8840044F3C3 /* hw4.entitlements */ = {isa = PBXFileReference; lastKnownFileType = text.plist.entitlements; path = hw4.entitlements; sourceTree = "<group>"; };
		255E6FA02A22E8840044F3C3 /* Preview Assets.xcassets */ = {isa = PBXFileReference; lastKnownFileType = folder.assetcatalog; path = "Preview Assets.xcassets"; sourceTree = "<group>"; };
		255E6FA62A22E8840044F3C3 /* hw4Tests.xctest */ = {isa = PBXFileReference; explicitFileType = wrapper.cfbundle; includeInIndex = 0; path = hw4Tests.xctest; sourceTree = BUILT_PRODUCTS_DIR; };
		255E6FAA2A22E8840044F3C3 /* hw4Tests.swift */ = {isa = PBXFileReference; lastKnownFileType = sourcecode.swift; path = hw4Tests.swift; sourceTree = "<group>"; };
		255E6FB02A22E8840044F3C3 /* hw4UITests.xctest */ = {isa = PBXFileReference; explicitFileType = wrapper.cfbundle; includeInIndex = 0; path = hw4UITests.xctest; sourceTree = BUILT_PRODUCTS_DIR; };
		255E6FB42A22E8840044F3C3 /* hw4UITests.swift */ = {isa = PBXFileReference; lastKnownFileType = sourcecode.swift; path = hw4UITests.swift; sourceTree = "<group>"; };
		255E6FB62A22E8840044F3C3 /* hw4UITestsLaunchTests.swift */ = {isa = PBXFileReference; lastKnownFileType = sourcecode.swift; path = hw4UITestsLaunchTests.swift; sourceTree = "<group>"; };
/* End PBXFileReference section */

/* Begin PBXFrameworksBuildPhase section */
		255E6F922A22E8830044F3C3 /* Frameworks */ = {
			isa = PBXFrameworksBuildPhase;
			buildActionMask = 2147483647;
			files = (
			);
			runOnlyForDeploymentPostprocessing = 0;
		};
		255E6FA32A22E8840044F3C3 /* Frameworks */ = {
			isa = PBXFrameworksBuildPhase;
			buildActionMask = 2147483647;
			files = (
			);
			runOnlyForDeploymentPostprocessing = 0;
		};
		255E6FAD2A22E8840044F3C3 /* Frameworks */ = {
			isa = PBXFrameworksBuildPhase;
			buildActionMask = 2147483647;
			files = (
			);
			runOnlyForDeploymentPostprocessing = 0;
		};
/* End PBXFrameworksBuildPhase section */

/* Begin PBXGroup section */
		255E6F8C2A22E8830044F3C3 = {
			isa = PBXGroup;
			children = (
				255E6F972A22E8830044F3C3 /* hw4 */,
				255E6FA92A22E8840044F3C3 /* hw4Tests */,
				255E6FB32A22E8840044F3C3 /* hw4UITests */,
				255E6F962A22E8830044F3C3 /* Products */,
			);
			sourceTree = "<group>";
		};
		255E6F962A22E8830044F3C3 /* Products */ = {
			isa = PBXGroup;
			children = (
				255E6F952A22E8830044F3C3 /* hw4.app */,
				255E6FA62A22E8840044F3C3 /* hw4Tests.xctest */,
				255E6FB02A22E8840044F3C3 /* hw4UITests.xctest */,
			);
			name = Products;
			sourceTree = "<group>";
		};
		255E6F972A22E8830044F3C3 /* hw4 */ = {
			isa = PBXGroup;
			children = (
				255E6F982A22E8830044F3C3 /* hw4App.swift */,
				255E6F9A2A22E8830044F3C3 /* ContentView.swift */,
				255E6F9C2A22E8840044F3C3 /* Assets.xcassets */,
				255E6F9E2A22E8840044F3C3 /* hw4.entitlements */,
				255E6F9F2A22E8840044F3C3 /* Preview Content */,
			);
			path = hw4;
			sourceTree = "<group>";
		};
		255E6F9F2A22E8840044F3C3 /* Preview Content */ = {
			isa = PBXGroup;
			children = (
				255E6FA02A22E8840044F3C3 /* Preview Assets.xcassets */,
			);
			path = "Preview Content";
			sourceTree = "<group>";
		};
		255E6FA92A22E8840044F3C3 /* hw4Tests */ = {
			isa = PBXGroup;
			children = (
				255E6FAA2A22E8840044F3C3 /* hw4Tests.swift */,
			);
			path = hw4Tests;
			sourceTree = "<group>";
		};
		255E6FB32A22E8840044F3C3 /* hw4UITests */ = {
			isa = PBXGroup;
			children = (
				255E6FB42A22E8840044F3C3 /* hw4UITests.swift */,
				255E6FB62A22E8840044F3C3 /* hw4UITestsLaunchTests.swift */,
			);
			path = hw4UITests;
			sourceTree = "<group>";
		};
/* End PBXGroup section */

/* Begin PBXNativeTarget section */
		255E6F942A22E8830044F3C3 /* hw4 */ = {
			isa = PBXNativeTarget;
			buildConfigurationList = 255E6FBA2A22E8840044F3C3 /* Build configuration list for PBXNativeTarget "hw4" */;
			buildPhases = (
				255E6F912A22E8830044F3C3 /* Sources */,
				255E6F922A22E8830044F3C3 /* Frameworks */,
				255E6F932A22E8830044F3C3 /* Resources */,
			);
			buildRules = (
			);
			dependencies = (
			);
			name = hw4;
			productName = hw4;
			productReference = 255E6F952A22E8830044F3C3 /* hw4.app */;
			productType = "com.apple.product-type.application";
		};
		255E6FA52A22E8840044F3C3 /* hw4Tests */ = {
			isa = PBXNativeTarget;
			buildConfigurationList = 255E6FBD2A22E8840044F3C3 /* Build configuration list for PBXNativeTarget "hw4Tests" */;
			buildPhases = (
				255E6FA22A22E8840044F3C3 /* Sources */,
				255E6FA32A22E8840044F3C3 /* Frameworks */,
				255E6FA42A22E8840044F3C3 /* Resources */,
			);
			buildRules = (
			);
			dependencies = (
				255E6FA82A22E8840044F3C3 /* PBXTargetDependency */,
			);
			name = hw4Tests;
			productName = hw4Tests;
			productReference = 255E6FA62A22E8840044F3C3 /* hw4Tests.xctest */;
			productType = "com.apple.product-type.bundle.unit-test";
		};
		255E6FAF2A22E8840044F3C3 /* hw4UITests */ = {
			isa = PBXNativeTarget;
			buildConfigurationList = 255E6FC02A22E8840044F3C3 /* Build configuration list for PBXNativeTarget "hw4UITests" */;
			buildPhases = (
				255E6FAC2A22E8840044F3C3 /* Sources */,
				255E6FAD2A22E8840044F3C3 /* Frameworks */,
				255E6FAE2A22E8840044F3C3 /* Resources */,
			);
			buildRules = (
			);
			dependencies = (
				255E6FB22A22E8840044F3C3 /* PBXTargetDependency */,
			);
			name = hw4UITests;
			productName = hw4UITests;
			productReference = 255E6FB02A22E8840044F3C3 /* hw4UITests.xctest */;
			productType = "com.apple.product-type.bundle.ui-testing";
		};
/* End PBXNativeTarget section */

/* Begin PBXProject section */
		255E6F8D2A22E8830044F3C3 /* Project object */ = {
			isa = PBXProject;
			attributes = {
				BuildIndependentTargetsInParallel = 1;
				LastSwiftUpdateCheck = 1410;
				LastUpgradeCheck = 1410;
				TargetAttributes = {
					255E6F942A22E8830044F3C3 = {
						CreatedOnToolsVersion = 14.1;
					};
					255E6FA52A22E8840044F3C3 = {
						CreatedOnToolsVersion = 14.1;
						TestTargetID = 255E6F942A22E8830044F3C3;
					};
					255E6FAF2A22E8840044F3C3 = {
						CreatedOnToolsVersion = 14.1;
						TestTargetID = 255E6F942A22E8830044F3C3;
					};
				};
			};
			buildConfigurationList = 255E6F902A22E8830044F3C3 /* Build configuration list for PBXProject "hw4" */;
			compatibilityVersion = "Xcode 14.0";
			developmentRegion = en;
			hasScannedForEncodings = 0;
			knownRegions = (
				en,
				Base,
			);
			mainGroup = 255E6F8C2A22E8830044F3C3;
			productRefGroup = 255E6F962A22E8830044F3C3 /* Products */;
			projectDirPath = "";
			projectRoot = "";
			targets = (
				255E6F942A22E8830044F3C3 /* hw4 */,
				255E6FA52A22E8840044F3C3 /* hw4Tests */,
				255E6FAF2A22E8840044F3C3 /* hw4UITests */,
			);
		};
/* End PBXProject section */

/* Begin PBXResourcesBuildPhase section */
		255E6F932A22E8830044F3C3 /* Resources */ = {
			isa = PBXResourcesBuildPhase;
			buildActionMask = 2147483647;
			files = (
				255E6FA12A22E8840044F3C3 /* Preview Assets.xcassets in Resources */,
				255E6F9D2A22E8840044F3C3 /* Assets.xcassets in Resources */,
			);
			runOnlyForDeploymentPostprocessing = 0;
		};
		255E6FA42A22E8840044F3C3 /* Resources */ = {
			isa = PBXResourcesBuildPhase;
			buildActionMask = 2147483647;
			files = (
			);
			runOnlyForDeploymentPostprocessing = 0;
		};
		255E6FAE2A22E8840044F3C3 /* Resources */ = {
			isa = PBXResourcesBuildPhase;
			buildActionMask = 2147483647;
			files = (
			);
			runOnlyForDeploymentPostprocessing = 0;
		};
/* End PBXResourcesBuildPhase section */

/* Begin PBXSourcesBuildPhase section */
		255E6F912A22E8830044F3C3 /* Sources */ = {
			isa = PBXSourcesBuildPhase;
			buildActionMask = 2147483647;
			files = (
				255E6F9B2A22E8830044F3C3 /* ContentView.swift in Sources */,
				255E6F992A22E8830044F3C3 /* hw4App.swift in Sources */,
			);
			runOnlyForDeploymentPostprocessing = 0;
		};
		255E6FA22A22E8840044F3C3 /* Sources */ = {
			isa = PBXSourcesBuildPhase;
			buildActionMask = 2147483647;
			files = (
				255E6FAB2A22E8840044F3C3 /* hw4Tests.swift in Sources */,
			);
			runOnlyForDeploymentPostprocessing = 0;
		};
		255E6FAC2A22E8840044F3C3 /* Sources */ = {
			isa = PBXSourcesBuildPhase;
			buildActionMask = 2147483647;
			files = (
				255E6FB72A22E8840044F3C3 /* hw4UITestsLaunchTests.swift in Sources */,
				255E6FB52A22E8840044F3C3 /* hw4UITests.swift in Sources */,
			);
			runOnlyForDeploymentPostprocessing = 0;
		};
/* End PBXSourcesBuildPhase section */

/* Begin PBXTargetDependency section */
		255E6FA82A22E8840044F3C3 /* PBXTargetDependency */ = {
			isa = PBXTargetDependency;
			target = 255E6F942A22E8830044F3C3 /* hw4 */;
			targetProxy = 255E6FA72A22E8840044F3C3 /* PBXContainerItemProxy */;
		};
		255E6FB22A22E8840044F3C3 /* PBXTargetDependency */ = {
			isa = PBXTargetDependency;
			target = 255E6F942A22E8830044F3C3 /* hw4 */;
			targetProxy = 255E6FB12A22E8840044F3C3 /* PBXContainerItemProxy */;
		};
/* End PBXTargetDependency section */

/* Begin XCBuildConfiguration section */
		255E6FB82A22E8840044F3C3 /* Debug */ = {
			isa = XCBuildConfiguration;
			buildSettings = {
				ALWAYS_SEARCH_USER_PATHS = NO;
				CLANG_ANALYZER_NONNULL = YES;
				CLANG_ANALYZER_NUMBER_OBJECT_CONVERSION = YES_AGGRESSIVE;
				CLANG_CXX_LANGUAGE_STANDARD = "gnu++20";
				CLANG_ENABLE_MODULES = YES;
				CLANG_ENABLE_OBJC_ARC = YES;
				CLANG_ENABLE_OBJC_WEAK = YES;
				CLANG_WARN_BLOCK_CAPTURE_AUTORELEASING = YES;
				CLANG_WARN_BOOL_CONVERSION = YES;
				CLANG_WARN_COMMA = YES;
				CLANG_WARN_CONSTANT_CONVERSION = YES;
				CLANG_WARN_DEPRECATED_OBJC_IMPLEMENTATIONS = YES;
				CLANG_WARN_DIRECT_OBJC_ISA_USAGE = YES_ERROR;
				CLANG_WARN_DOCUMENTATION_COMMENTS = YES;
				CLANG_WARN_EMPTY_BODY = YES;
				CLANG_WARN_ENUM_CONVERSION = YES;
				CLANG_WARN_INFINITE_RECURSION = YES;
				CLANG_WARN_INT_CONVERSION = YES;
				CLANG_WARN_NON_LITERAL_NULL_CONVERSION = YES;
				CLANG_WARN_OBJC_IMPLICIT_RETAIN_SELF = YES;
				CLANG_WARN_OBJC_LITERAL_CONVERSION = YES;
				CLANG_WARN_OBJC_ROOT_CLASS = YES_ERROR;
				CLANG_WARN_QUOTED_INCLUDE_IN_FRAMEWORK_HEADER = YES;
				CLANG_WARN_RANGE_LOOP_ANALYSIS = YES;
				CLANG_WARN_STRICT_PROTOTYPES = YES;
				CLANG_WARN_SUSPICIOUS_MOVE = YES;
				CLANG_WARN_UNGUARDED_AVAILABILITY = YES_AGGRESSIVE;
				CLANG_WARN_UNREACHABLE_CODE = YES;
				CLANG_WARN__DUPLICATE_METHOD_MATCH = YES;
				COPY_PHASE_STRIP = NO;
				DEBUG_INFORMATION_FORMAT = dwarf;
				ENABLE_STRICT_OBJC_MSGSEND = YES;
				ENABLE_TESTABILITY = YES;
				GCC_C_LANGUAGE_STANDARD = gnu11;
				GCC_DYNAMIC_NO_PIC = NO;
				GCC_NO_COMMON_BLOCKS = YES;
				GCC_OPTIMIZATION_LEVEL = 0;
				GCC_PREPROCESSOR_DEFINITIONS = (
					"DEBUG=1",
					"$(inherited)",
				);
				GCC_WARN_64_TO_32_BIT_CONVERSION = YES;
				GCC_WARN_ABOUT_RETURN_TYPE = YES_ERROR;
				GCC_WARN_UNDECLARED_SELECTOR = YES;
				GCC_WARN_UNINITIALIZED_AUTOS = YES_AGGRESSIVE;
				GCC_WARN_UNUSED_FUNCTION = YES;
				GCC_WARN_UNUSED_VARIABLE = YES;
				MTL_ENABLE_DEBUG_INFO = INCLUDE_SOURCE;
				MTL_FAST_MATH = YES;
				ONLY_ACTIVE_ARCH = YES;
				SWIFT_ACTIVE_COMPILATION_CONDITIONS = DEBUG;
				SWIFT_OPTIMIZATION_LEVEL = "-Onone";
			};
			name = Debug;
		};
		255E6FB92A22E8840044F3C3 /* Release */ = {
			isa = XCBuildConfiguration;
			buildSettings = {
				ALWAYS_SEARCH_USER_PATHS = NO;
				CLANG_ANALYZER_NONNULL = YES;
				CLANG_ANALYZER_NUMBER_OBJECT_CONVERSION = YES_AGGRESSIVE;
				CLANG_CXX_LANGUAGE_STANDARD = "gnu++20";
				CLANG_ENABLE_MODULES = YES;
				CLANG_ENABLE_OBJC_ARC = YES;
				CLANG_ENABLE_OBJC_WEAK = YES;
				CLANG_WARN_BLOCK_CAPTURE_AUTORELEASING = YES;
				CLANG_WARN_BOOL_CONVERSION = YES;
				CLANG_WARN_COMMA = YES;
				CLANG_WARN_CONSTANT_CONVERSION = YES;
				CLANG_WARN_DEPRECATED_OBJC_IMPLEMENTATIONS = YES;
				CLANG_WARN_DIRECT_OBJC_ISA_USAGE = YES_ERROR;
				CLANG_WARN_DOCUMENTATION_COMMENTS = YES;
				CLANG_WARN_EMPTY_BODY = YES;
				CLANG_WARN_ENUM_CONVERSION = YES;
				CLANG_WARN_INFINITE_RECURSION = YES;
				CLANG_WARN_INT_CONVERSION = YES;
				CLANG_WARN_NON_LITERAL_NULL_CONVERSION = YES;
				CLANG_WARN_OBJC_IMPLICIT_RETAIN_SELF = YES;
				CLANG_WARN_OBJC_LITERAL_CONVERSION = YES;
				CLANG_WARN_OBJC_ROOT_CLASS = YES_ERROR;
				CLANG_WARN_QUOTED_INCLUDE_IN_FRAMEWORK_HEADER = YES;
				CLANG_WARN_RANGE_LOOP_ANALYSIS = YES;
				CLANG_WARN_STRICT_PROTOTYPES = YES;
				CLANG_WARN_SUSPICIOUS_MOVE = YES;
				CLANG_WARN_UNGUARDED_AVAILABILITY = YES_AGGRESSIVE;
				CLANG_WARN_UNREACHABLE_CODE = YES;
				CLANG_WARN__DUPLICATE_METHOD_MATCH = YES;
				COPY_PHASE_STRIP = NO;
				DEBUG_INFORMATION_FORMAT = "dwarf-with-dsym";
				ENABLE_NS_ASSERTIONS = NO;
				ENABLE_STRICT_OBJC_MSGSEND = YES;
				GCC_C_LANGUAGE_STANDARD = gnu11;
				GCC_NO_COMMON_BLOCKS = YES;
				GCC_WARN_64_TO_32_BIT_CONVERSION = YES;
				GCC_WARN_ABOUT_RETURN_TYPE = YES_ERROR;
				GCC_WARN_UNDECLARED_SELECTOR = YES;
				GCC_WARN_UNINITIALIZED_AUTOS = YES_AGGRESSIVE;
				GCC_WARN_UNUSED_FUNCTION = YES;
				GCC_WARN_UNUSED_VARIABLE = YES;
				MTL_ENABLE_DEBUG_INFO = NO;
				MTL_FAST_MATH = YES;
				SWIFT_COMPILATION_MODE = wholemodule;
				SWIFT_OPTIMIZATION_LEVEL = "-O";
			};
			name = Release;
		};
		255E6FBB2A22E8840044F3C3 /* Debug */ = {
			isa = XCBuildConfiguration;
			buildSettings = {
				ASSETCATALOG_COMPILER_APPICON_NAME = AppIcon;
				ASSETCATALOG_COMPILER_GLOBAL_ACCENT_COLOR_NAME = AccentColor;
				CODE_SIGN_ENTITLEMENTS = hw4/hw4.entitlements;
				CODE_SIGN_STYLE = Automatic;
				CURRENT_PROJECT_VERSION = 1;
				DEVELOPMENT_ASSET_PATHS = "\"hw4/Preview Content\"";
				ENABLE_PREVIEWS = YES;
				GENERATE_INFOPLIST_FILE = YES;
				"INFOPLIST_KEY_UIApplicationSceneManifest_Generation[sdk=iphoneos*]" = YES;
				"INFOPLIST_KEY_UIApplicationSceneManifest_Generation[sdk=iphonesimulator*]" = YES;
				"INFOPLIST_KEY_UIApplicationSupportsIndirectInputEvents[sdk=iphoneos*]" = YES;
				"INFOPLIST_KEY_UIApplicationSupportsIndirectInputEvents[sdk=iphonesimulator*]" = YES;
				"INFOPLIST_KEY_UILaunchScreen_Generation[sdk=iphoneos*]" = YES;
				"INFOPLIST_KEY_UILaunchScreen_Generation[sdk=iphonesimulator*]" = YES;
				"INFOPLIST_KEY_UIStatusBarStyle[sdk=iphoneos*]" = UIStatusBarStyleDefault;
				"INFOPLIST_KEY_UIStatusBarStyle[sdk=iphonesimulator*]" = UIStatusBarStyleDefault;
				INFOPLIST_KEY_UISupportedInterfaceOrientations_iPad = "UIInterfaceOrientationPortrait UIInterfaceOrientationPortraitUpsideDown UIInterfaceOrientationLandscapeLeft UIInterfaceOrientationLandscapeRight";
				INFOPLIST_KEY_UISupportedInterfaceOrientations_iPhone = "UIInterfaceOrientationPortrait UIInterfaceOrientationLandscapeLeft UIInterfaceOrientationLandscapeRight";
				IPHONEOS_DEPLOYMENT_TARGET = 16.1;
				LD_RUNPATH_SEARCH_PATHS = "@executable_path/Frameworks";
				"LD_RUNPATH_SEARCH_PATHS[sdk=macosx*]" = "@executable_path/../Frameworks";
				MACOSX_DEPLOYMENT_TARGET = 13.0;
				MARKETING_VERSION = 1.0;
				PRODUCT_BUNDLE_IDENTIFIER = com.blakeboris.hw4;
				PRODUCT_NAME = "$(TARGET_NAME)";
				SDKROOT = auto;
				SUPPORTED_PLATFORMS = "iphoneos iphonesimulator macosx";
				SWIFT_EMIT_LOC_STRINGS = YES;
				SWIFT_VERSION = 5.0;
				TARGETED_DEVICE_FAMILY = "1,2";
			};
			name = Debug;
		};
		255E6FBC2A22E8840044F3C3 /* Release */ = {
			isa = XCBuildConfiguration;
			buildSettings = {
				ASSETCATALOG_COMPILER_APPICON_NAME = AppIcon;
				ASSETCATALOG_COMPILER_GLOBAL_ACCENT_COLOR_NAME = AccentColor;
				CODE_SIGN_ENTITLEMENTS = hw4/hw4.entitlements;
				CODE_SIGN_STYLE = Automatic;
				CURRENT_PROJECT_VERSION = 1;
				DEVELOPMENT_ASSET_PATHS = "\"hw4/Preview Content\"";
				ENABLE_PREVIEWS = YES;
				GENERATE_INFOPLIST_FILE = YES;
				"INFOPLIST_KEY_UIApplicationSceneManifest_Generation[sdk=iphoneos*]" = YES;
				"INFOPLIST_KEY_UIApplicationSceneManifest_Generation[sdk=iphonesimulator*]" = YES;
				"INFOPLIST_KEY_UIApplicationSupportsIndirectInputEvents[sdk=iphoneos*]" = YES;
				"INFOPLIST_KEY_UIApplicationSupportsIndirectInputEvents[sdk=iphonesimulator*]" = YES;
				"INFOPLIST_KEY_UILaunchScreen_Generation[sdk=iphoneos*]" = YES;
				"INFOPLIST_KEY_UILaunchScreen_Generation[sdk=iphonesimulator*]" = YES;
				"INFOPLIST_KEY_UIStatusBarStyle[sdk=iphoneos*]" = UIStatusBarStyleDefault;
				"INFOPLIST_KEY_UIStatusBarStyle[sdk=iphonesimulator*]" = UIStatusBarStyleDefault;
				INFOPLIST_KEY_UISupportedInterfaceOrientations_iPad = "UIInterfaceOrientationPortrait UIInterfaceOrientationPortraitUpsideDown UIInterfaceOrientationLandscapeLeft UIInterfaceOrientationLandscapeRight";
				INFOPLIST_KEY_UISupportedInterfaceOrientations_iPhone = "UIInterfaceOrientationPortrait UIInterfaceOrientationLandscapeLeft UIInterfaceOrientationLandscapeRight";
				IPHONEOS_DEPLOYMENT_TARGET = 16.1;
				LD_RUNPATH_SEARCH_PATHS = "@executable_path/Frameworks";
				"LD_RUNPATH_SEARCH_PATHS[sdk=macosx*]" = "@executable_path/../Frameworks";
				MACOSX_DEPLOYMENT_TARGET = 13.0;
				MARKETING_VERSION = 1.0;
				PRODUCT_BUNDLE_IDENTIFIER = com.blakeboris.hw4;
				PRODUCT_NAME = "$(TARGET_NAME)";
				SDKROOT = auto;
				SUPPORTED_PLATFORMS = "iphoneos iphonesimulator macosx";
				SWIFT_EMIT_LOC_STRINGS = YES;
				SWIFT_VERSION = 5.0;
				TARGETED_DEVICE_FAMILY = "1,2";
			};
			name = Release;
		};
		255E6FBE2A22E8840044F3C3 /* Debug */ = {
			isa = XCBuildConfiguration;
			buildSettings = {
				ALWAYS_EMBED_SWIFT_STANDARD_LIBRARIES = YES;
				BUNDLE_LOADER = "$(TEST_HOST)";
				CODE_SIGN_STYLE = Automatic;
				CURRENT_PROJECT_VERSION = 1;
				GENERATE_INFOPLIST_FILE = YES;
				IPHONEOS_DEPLOYMENT_TARGET = 16.1;
				MACOSX_DEPLOYMENT_TARGET = 13.0;
				MARKETING_VERSION = 1.0;
				PRODUCT_BUNDLE_IDENTIFIER = com.blakeboris.hw4Tests;
				PRODUCT_NAME = "$(TARGET_NAME)";
				SDKROOT = auto;
				SUPPORTED_PLATFORMS = "iphoneos iphonesimulator macosx";
				SWIFT_EMIT_LOC_STRINGS = NO;
				SWIFT_VERSION = 5.0;
				TARGETED_DEVICE_FAMILY = "1,2";
				TEST_HOST = "$(BUILT_PRODUCTS_DIR)/hw4.app/$(BUNDLE_EXECUTABLE_FOLDER_PATH)/hw4";
			};
			name = Debug;
		};
		255E6FBF2A22E8840044F3C3 /* Release */ = {
			isa = XCBuildConfiguration;
			buildSettings = {
				ALWAYS_EMBED_SWIFT_STANDARD_LIBRARIES = YES;
				BUNDLE_LOADER = "$(TEST_HOST)";
				CODE_SIGN_STYLE = Automatic;
				CURRENT_PROJECT_VERSION = 1;
				GENERATE_INFOPLIST_FILE = YES;
				IPHONEOS_DEPLOYMENT_TARGET = 16.1;
				MACOSX_DEPLOYMENT_TARGET = 13.0;
				MARKETING_VERSION = 1.0;
				PRODUCT_BUNDLE_IDENTIFIER = com.blakeboris.hw4Tests;
				PRODUCT_NAME = "$(TARGET_NAME)";
				SDKROOT = auto;
				SUPPORTED_PLATFORMS = "iphoneos iphonesimulator macosx";
				SWIFT_EMIT_LOC_STRINGS = NO;
				SWIFT_VERSION = 5.0;
				TARGETED_DEVICE_FAMILY = "1,2";
				TEST_HOST = "$(BUILT_PRODUCTS_DIR)/hw4.app/$(BUNDLE_EXECUTABLE_FOLDER_PATH)/hw4";
			};
			name = Release;
		};
		255E6FC12A22E8840044F3C3 /* Debug */ = {
			isa = XCBuildConfiguration;
			buildSettings = {
				ALWAYS_EMBED_SWIFT_STANDARD_LIBRARIES = YES;
				CODE_SIGN_STYLE = Automatic;
				CURRENT_PROJECT_VERSION = 1;
				GENERATE_INFOPLIST_FILE = YES;
				IPHONEOS_DEPLOYMENT_TARGET = 16.1;
				MACOSX_DEPLOYMENT_TARGET = 13.0;
				MARKETING_VERSION = 1.0;
				PRODUCT_BUNDLE_IDENTIFIER = com.blakeboris.hw4UITests;
				PRODUCT_NAME = "$(TARGET_NAME)";
				SDKROOT = auto;
				SUPPORTED_PLATFORMS = "iphoneos iphonesimulator macosx";
				SWIFT_EMIT_LOC_STRINGS = NO;
				SWIFT_VERSION = 5.0;
				TARGETED_DEVICE_FAMILY = "1,2";
				TEST_TARGET_NAME = hw4;
			};
			name = Debug;
		};
		255E6FC22A22E8840044F3C3 /* Release */ = {
			isa = XCBuildConfiguration;
			buildSettings = {
				ALWAYS_EMBED_SWIFT_STANDARD_LIBRARIES = YES;
				CODE_SIGN_STYLE = Automatic;
				CURRENT_PROJECT_VERSION = 1;
				GENERATE_INFOPLIST_FILE = YES;
				IPHONEOS_DEPLOYMENT_TARGET = 16.1;
				MACOSX_DEPLOYMENT_TARGET = 13.0;
				MARKETING_VERSION = 1.0;
				PRODUCT_BUNDLE_IDENTIFIER = com.blakeboris.hw4UITests;
				PRODUCT_NAME = "$(TARGET_NAME)";
				SDKROOT = auto;
				SUPPORTED_PLATFORMS = "iphoneos iphonesimulator macosx";
				SWIFT_EMIT_LOC_STRINGS = NO;
				SWIFT_VERSION = 5.0;
				TARGETED_DEVICE_FAMILY = "1,2";
				TEST_TARGET_NAME = hw4;
			};
			name = Release;
		};
/* End XCBuildConfiguration section */

/* Begin XCConfigurationList section */
		255E6F902A22E8830044F3C3 /* Build configuration list for PBXProject "hw4" */ = {
			isa = XCConfigurationList;
			buildConfigurations = (
				255E6FB82A22E8840044F3C3 /* Debug */,
				255E6FB92A22E8840044F3C3 /* Release */,
			);
			defaultConfigurationIsVisible = 0;
			defaultConfigurationName = Release;
		};
		255E6FBA2A22E8840044F3C3 /* Build configuration list for PBXNativeTarget "hw4" */ = {
			isa = XCConfigurationList;
			buildConfigurations = (
				255E6FBB2A22E8840044F3C3 /* Debug */,
				255E6FBC2A22E8840044F3C3 /* Release */,
			);
			defaultConfigurationIsVisible = 0;
			defaultConfigurationName = Release;
		};
		255E6FBD2A22E8840044F3C3 /* Build configuration list for PBXNativeTarget "hw4Tests" */ = {
			isa = XCConfigurationList;
			buildConfigurations = (
				255E6FBE2A22E8840044F3C3 /* Debug */,
				255E6FBF2A22E8840044F3C3 /* Release */,
			);
			defaultConfigurationIsVisible = 0;
			defaultConfigurationName = Release;
		};
		255E6FC02A22E8840044F3C3 /* Build configuration list for PBXNativeTarget "hw4UITests" */ = {
			isa = XCConfigurationList;
			buildConfigurations = (
				255E6FC12A22E8840044F3C3 /* Debug */,
				255E6FC22A22E8840044F3C3 /* Release */,
			);
			defaultConfigurationIsVisible = 0;
			defaultConfigurationName = Release;
		};
/* End XCConfigurationList section */
	};
	rootObject = 255E6F8D2A22E8830044F3C3 /* Project object */;
}
