// !$*UTF8*$!
{
	archiveVersion = 1;
	classes = {
	};
	objectVersion = 56;
	objects = {

/* Begin PBXBuildFile section */
		255C01642A11B68B008DBCAC /* hw3App.swift in Sources */ = {isa = PBXBuildFile; fileRef = 255C01632A11B68B008DBCAC /* hw3App.swift */; };
		255C01662A11B68B008DBCAC /* ContentView.swift in Sources */ = {isa = PBXBuildFile; fileRef = 255C01652A11B68B008DBCAC /* ContentView.swift */; };
		255C01682A11B68B008DBCAC /* Assets.xcassets in Resources */ = {isa = PBXBuildFile; fileRef = 255C01672A11B68B008DBCAC /* Assets.xcassets */; };
		255C016C2A11B68B008DBCAC /* Preview Assets.xcassets in Resources */ = {isa = PBXBuildFile; fileRef = 255C016B2A11B68B008DBCAC /* Preview Assets.xcassets */; };
		255C01762A11B68C008DBCAC /* hw3Tests.swift in Sources */ = {isa = PBXBuildFile; fileRef = 255C01752A11B68C008DBCAC /* hw3Tests.swift */; };
		255C01802A11B68C008DBCAC /* hw3UITests.swift in Sources */ = {isa = PBXBuildFile; fileRef = 255C017F2A11B68C008DBCAC /* hw3UITests.swift */; };
		255C01822A11B68C008DBCAC /* hw3UITestsLaunchTests.swift in Sources */ = {isa = PBXBuildFile; fileRef = 255C01812A11B68C008DBCAC /* hw3UITestsLaunchTests.swift */; };
		255C01912A15CCFB008DBCAC /* Train.swift in Sources */ = {isa = PBXBuildFile; fileRef = 255C01902A15CCFB008DBCAC /* Train.swift */; };
		255C01932A15CD1B008DBCAC /* Terminal.swift in Sources */ = {isa = PBXBuildFile; fileRef = 255C01922A15CD1B008DBCAC /* Terminal.swift */; };
		255C01952A15CD66008DBCAC /* Line.swift in Sources */ = {isa = PBXBuildFile; fileRef = 255C01942A15CD66008DBCAC /* Line.swift */; };
		255C01972A183DDE008DBCAC /* TerminalRequestData.swift in Sources */ = {isa = PBXBuildFile; fileRef = 255C01962A183DDE008DBCAC /* TerminalRequestData.swift */; };
/* End PBXBuildFile section */

/* Begin PBXContainerItemProxy section */
		255C01722A11B68C008DBCAC /* PBXContainerItemProxy */ = {
			isa = PBXContainerItemProxy;
			containerPortal = 255C01582A11B68B008DBCAC /* Project object */;
			proxyType = 1;
			remoteGlobalIDString = 255C015F2A11B68B008DBCAC;
			remoteInfo = hw3;
		};
		255C017C2A11B68C008DBCAC /* PBXContainerItemProxy */ = {
			isa = PBXContainerItemProxy;
			containerPortal = 255C01582A11B68B008DBCAC /* Project object */;
			proxyType = 1;
			remoteGlobalIDString = 255C015F2A11B68B008DBCAC;
			remoteInfo = hw3;
		};
/* End PBXContainerItemProxy section */

/* Begin PBXFileReference section */
		255C01602A11B68B008DBCAC /* hw3.app */ = {isa = PBXFileReference; explicitFileType = wrapper.application; includeInIndex = 0; path = hw3.app; sourceTree = BUILT_PRODUCTS_DIR; };
		255C01632A11B68B008DBCAC /* hw3App.swift */ = {isa = PBXFileReference; lastKnownFileType = sourcecode.swift; path = hw3App.swift; sourceTree = "<group>"; };
		255C01652A11B68B008DBCAC /* ContentView.swift */ = {isa = PBXFileReference; lastKnownFileType = sourcecode.swift; path = ContentView.swift; sourceTree = "<group>"; };
		255C01672A11B68B008DBCAC /* Assets.xcassets */ = {isa = PBXFileReference; lastKnownFileType = folder.assetcatalog; path = Assets.xcassets; sourceTree = "<group>"; };
		255C01692A11B68B008DBCAC /* hw3.entitlements */ = {isa = PBXFileReference; lastKnownFileType = text.plist.entitlements; path = hw3.entitlements; sourceTree = "<group>"; };
		255C016B2A11B68B008DBCAC /* Preview Assets.xcassets */ = {isa = PBXFileReference; lastKnownFileType = folder.assetcatalog; path = "Preview Assets.xcassets"; sourceTree = "<group>"; };
		255C01712A11B68C008DBCAC /* hw3Tests.xctest */ = {isa = PBXFileReference; explicitFileType = wrapper.cfbundle; includeInIndex = 0; path = hw3Tests.xctest; sourceTree = BUILT_PRODUCTS_DIR; };
		255C01752A11B68C008DBCAC /* hw3Tests.swift */ = {isa = PBXFileReference; lastKnownFileType = sourcecode.swift; path = hw3Tests.swift; sourceTree = "<group>"; };
		255C017B2A11B68C008DBCAC /* hw3UITests.xctest */ = {isa = PBXFileReference; explicitFileType = wrapper.cfbundle; includeInIndex = 0; path = hw3UITests.xctest; sourceTree = BUILT_PRODUCTS_DIR; };
		255C017F2A11B68C008DBCAC /* hw3UITests.swift */ = {isa = PBXFileReference; lastKnownFileType = sourcecode.swift; path = hw3UITests.swift; sourceTree = "<group>"; };
		255C01812A11B68C008DBCAC /* hw3UITestsLaunchTests.swift */ = {isa = PBXFileReference; lastKnownFileType = sourcecode.swift; path = hw3UITestsLaunchTests.swift; sourceTree = "<group>"; };
		255C01902A15CCFB008DBCAC /* Train.swift */ = {isa = PBXFileReference; lastKnownFileType = sourcecode.swift; path = Train.swift; sourceTree = "<group>"; };
		255C01922A15CD1B008DBCAC /* Terminal.swift */ = {isa = PBXFileReference; lastKnownFileType = sourcecode.swift; path = Terminal.swift; sourceTree = "<group>"; };
		255C01942A15CD66008DBCAC /* Line.swift */ = {isa = PBXFileReference; lastKnownFileType = sourcecode.swift; path = Line.swift; sourceTree = "<group>"; };
		255C01962A183DDE008DBCAC /* TerminalRequestData.swift */ = {isa = PBXFileReference; lastKnownFileType = sourcecode.swift; path = TerminalRequestData.swift; sourceTree = "<group>"; };
/* End PBXFileReference section */

/* Begin PBXFrameworksBuildPhase section */
		255C015D2A11B68B008DBCAC /* Frameworks */ = {
			isa = PBXFrameworksBuildPhase;
			buildActionMask = 2147483647;
			files = (
			);
			runOnlyForDeploymentPostprocessing = 0;
		};
		255C016E2A11B68C008DBCAC /* Frameworks */ = {
			isa = PBXFrameworksBuildPhase;
			buildActionMask = 2147483647;
			files = (
			);
			runOnlyForDeploymentPostprocessing = 0;
		};
		255C01782A11B68C008DBCAC /* Frameworks */ = {
			isa = PBXFrameworksBuildPhase;
			buildActionMask = 2147483647;
			files = (
			);
			runOnlyForDeploymentPostprocessing = 0;
		};
/* End PBXFrameworksBuildPhase section */

/* Begin PBXGroup section */
		255C01572A11B68B008DBCAC = {
			isa = PBXGroup;
			children = (
				255C01622A11B68B008DBCAC /* hw3 */,
				255C01742A11B68C008DBCAC /* hw3Tests */,
				255C017E2A11B68C008DBCAC /* hw3UITests */,
				255C01612A11B68B008DBCAC /* Products */,
			);
			sourceTree = "<group>";
		};
		255C01612A11B68B008DBCAC /* Products */ = {
			isa = PBXGroup;
			children = (
				255C01602A11B68B008DBCAC /* hw3.app */,
				255C01712A11B68C008DBCAC /* hw3Tests.xctest */,
				255C017B2A11B68C008DBCAC /* hw3UITests.xctest */,
			);
			name = Products;
			sourceTree = "<group>";
		};
		255C01622A11B68B008DBCAC /* hw3 */ = {
			isa = PBXGroup;
			children = (
				255C01632A11B68B008DBCAC /* hw3App.swift */,
				255C01652A11B68B008DBCAC /* ContentView.swift */,
				255C01902A15CCFB008DBCAC /* Train.swift */,
				255C01922A15CD1B008DBCAC /* Terminal.swift */,
				255C01942A15CD66008DBCAC /* Line.swift */,
				255C01962A183DDE008DBCAC /* TerminalRequestData.swift */,
				255C01672A11B68B008DBCAC /* Assets.xcassets */,
				255C01692A11B68B008DBCAC /* hw3.entitlements */,
				255C016A2A11B68B008DBCAC /* Preview Content */,
			);
			path = hw3;
			sourceTree = "<group>";
		};
		255C016A2A11B68B008DBCAC /* Preview Content */ = {
			isa = PBXGroup;
			children = (
				255C016B2A11B68B008DBCAC /* Preview Assets.xcassets */,
			);
			path = "Preview Content";
			sourceTree = "<group>";
		};
		255C01742A11B68C008DBCAC /* hw3Tests */ = {
			isa = PBXGroup;
			children = (
				255C01752A11B68C008DBCAC /* hw3Tests.swift */,
			);
			path = hw3Tests;
			sourceTree = "<group>";
		};
		255C017E2A11B68C008DBCAC /* hw3UITests */ = {
			isa = PBXGroup;
			children = (
				255C017F2A11B68C008DBCAC /* hw3UITests.swift */,
				255C01812A11B68C008DBCAC /* hw3UITestsLaunchTests.swift */,
			);
			path = hw3UITests;
			sourceTree = "<group>";
		};
/* End PBXGroup section */

/* Begin PBXNativeTarget section */
		255C015F2A11B68B008DBCAC /* hw3 */ = {
			isa = PBXNativeTarget;
			buildConfigurationList = 255C01852A11B68C008DBCAC /* Build configuration list for PBXNativeTarget "hw3" */;
			buildPhases = (
				255C015C2A11B68B008DBCAC /* Sources */,
				255C015D2A11B68B008DBCAC /* Frameworks */,
				255C015E2A11B68B008DBCAC /* Resources */,
			);
			buildRules = (
			);
			dependencies = (
			);
			name = hw3;
			productName = hw3;
			productReference = 255C01602A11B68B008DBCAC /* hw3.app */;
			productType = "com.apple.product-type.application";
		};
		255C01702A11B68C008DBCAC /* hw3Tests */ = {
			isa = PBXNativeTarget;
			buildConfigurationList = 255C01882A11B68C008DBCAC /* Build configuration list for PBXNativeTarget "hw3Tests" */;
			buildPhases = (
				255C016D2A11B68C008DBCAC /* Sources */,
				255C016E2A11B68C008DBCAC /* Frameworks */,
				255C016F2A11B68C008DBCAC /* Resources */,
			);
			buildRules = (
			);
			dependencies = (
				255C01732A11B68C008DBCAC /* PBXTargetDependency */,
			);
			name = hw3Tests;
			productName = hw3Tests;
			productReference = 255C01712A11B68C008DBCAC /* hw3Tests.xctest */;
			productType = "com.apple.product-type.bundle.unit-test";
		};
		255C017A2A11B68C008DBCAC /* hw3UITests */ = {
			isa = PBXNativeTarget;
			buildConfigurationList = 255C018B2A11B68C008DBCAC /* Build configuration list for PBXNativeTarget "hw3UITests" */;
			buildPhases = (
				255C01772A11B68C008DBCAC /* Sources */,
				255C01782A11B68C008DBCAC /* Frameworks */,
				255C01792A11B68C008DBCAC /* Resources */,
			);
			buildRules = (
			);
			dependencies = (
				255C017D2A11B68C008DBCAC /* PBXTargetDependency */,
			);
			name = hw3UITests;
			productName = hw3UITests;
			productReference = 255C017B2A11B68C008DBCAC /* hw3UITests.xctest */;
			productType = "com.apple.product-type.bundle.ui-testing";
		};
/* End PBXNativeTarget section */

/* Begin PBXProject section */
		255C01582A11B68B008DBCAC /* Project object */ = {
			isa = PBXProject;
			attributes = {
				BuildIndependentTargetsInParallel = 1;
				LastSwiftUpdateCheck = 1410;
				LastUpgradeCheck = 1410;
				TargetAttributes = {
					255C015F2A11B68B008DBCAC = {
						CreatedOnToolsVersion = 14.1;
					};
					255C01702A11B68C008DBCAC = {
						CreatedOnToolsVersion = 14.1;
						TestTargetID = 255C015F2A11B68B008DBCAC;
					};
					255C017A2A11B68C008DBCAC = {
						CreatedOnToolsVersion = 14.1;
						TestTargetID = 255C015F2A11B68B008DBCAC;
					};
				};
			};
			buildConfigurationList = 255C015B2A11B68B008DBCAC /* Build configuration list for PBXProject "hw3" */;
			compatibilityVersion = "Xcode 14.0";
			developmentRegion = en;
			hasScannedForEncodings = 0;
			knownRegions = (
				en,
				Base,
			);
			mainGroup = 255C01572A11B68B008DBCAC;
			productRefGroup = 255C01612A11B68B008DBCAC /* Products */;
			projectDirPath = "";
			projectRoot = "";
			targets = (
				255C015F2A11B68B008DBCAC /* hw3 */,
				255C01702A11B68C008DBCAC /* hw3Tests */,
				255C017A2A11B68C008DBCAC /* hw3UITests */,
			);
		};
/* End PBXProject section */

/* Begin PBXResourcesBuildPhase section */
		255C015E2A11B68B008DBCAC /* Resources */ = {
			isa = PBXResourcesBuildPhase;
			buildActionMask = 2147483647;
			files = (
				255C016C2A11B68B008DBCAC /* Preview Assets.xcassets in Resources */,
				255C01682A11B68B008DBCAC /* Assets.xcassets in Resources */,
			);
			runOnlyForDeploymentPostprocessing = 0;
		};
		255C016F2A11B68C008DBCAC /* Resources */ = {
			isa = PBXResourcesBuildPhase;
			buildActionMask = 2147483647;
			files = (
			);
			runOnlyForDeploymentPostprocessing = 0;
		};
		255C01792A11B68C008DBCAC /* Resources */ = {
			isa = PBXResourcesBuildPhase;
			buildActionMask = 2147483647;
			files = (
			);
			runOnlyForDeploymentPostprocessing = 0;
		};
/* End PBXResourcesBuildPhase section */

/* Begin PBXSourcesBuildPhase section */
		255C015C2A11B68B008DBCAC /* Sources */ = {
			isa = PBXSourcesBuildPhase;
			buildActionMask = 2147483647;
			files = (
				255C01912A15CCFB008DBCAC /* Train.swift in Sources */,
				255C01932A15CD1B008DBCAC /* Terminal.swift in Sources */,
				255C01972A183DDE008DBCAC /* TerminalRequestData.swift in Sources */,
				255C01662A11B68B008DBCAC /* ContentView.swift in Sources */,
				255C01952A15CD66008DBCAC /* Line.swift in Sources */,
				255C01642A11B68B008DBCAC /* hw3App.swift in Sources */,
			);
			runOnlyForDeploymentPostprocessing = 0;
		};
		255C016D2A11B68C008DBCAC /* Sources */ = {
			isa = PBXSourcesBuildPhase;
			buildActionMask = 2147483647;
			files = (
				255C01762A11B68C008DBCAC /* hw3Tests.swift in Sources */,
			);
			runOnlyForDeploymentPostprocessing = 0;
		};
		255C01772A11B68C008DBCAC /* Sources */ = {
			isa = PBXSourcesBuildPhase;
			buildActionMask = 2147483647;
			files = (
				255C01802A11B68C008DBCAC /* hw3UITests.swift in Sources */,
				255C01822A11B68C008DBCAC /* hw3UITestsLaunchTests.swift in Sources */,
			);
			runOnlyForDeploymentPostprocessing = 0;
		};
/* End PBXSourcesBuildPhase section */

/* Begin PBXTargetDependency section */
		255C01732A11B68C008DBCAC /* PBXTargetDependency */ = {
			isa = PBXTargetDependency;
			target = 255C015F2A11B68B008DBCAC /* hw3 */;
			targetProxy = 255C01722A11B68C008DBCAC /* PBXContainerItemProxy */;
		};
		255C017D2A11B68C008DBCAC /* PBXTargetDependency */ = {
			isa = PBXTargetDependency;
			target = 255C015F2A11B68B008DBCAC /* hw3 */;
			targetProxy = 255C017C2A11B68C008DBCAC /* PBXContainerItemProxy */;
		};
/* End PBXTargetDependency section */

/* Begin XCBuildConfiguration section */
		255C01832A11B68C008DBCAC /* Debug */ = {
			isa = XCBuildConfiguration;
			buildSettings = {
				ALWAYS_SEARCH_USER_PATHS = NO;
				CLANG_ANALYZER_NONNULL = YES;
				CLANG_ANALYZER_NUMBER_OBJECT_CONVERSION = YES_AGGRESSIVE;
				CLANG_CXX_LANGUAGE_STANDARD = "gnu++20";
				CLANG_ENABLE_MODULES = YES;
				CLANG_ENABLE_OBJC_ARC = YES;
				CLANG_ENABLE_OBJC_WEAK = YES;
				CLANG_WARN_BLOCK_CAPTURE_AUTORELEASING = YES;
				CLANG_WARN_BOOL_CONVERSION = YES;
				CLANG_WARN_COMMA = YES;
				CLANG_WARN_CONSTANT_CONVERSION = YES;
				CLANG_WARN_DEPRECATED_OBJC_IMPLEMENTATIONS = YES;
				CLANG_WARN_DIRECT_OBJC_ISA_USAGE = YES_ERROR;
				CLANG_WARN_DOCUMENTATION_COMMENTS = YES;
				CLANG_WARN_EMPTY_BODY = YES;
				CLANG_WARN_ENUM_CONVERSION = YES;
				CLANG_WARN_INFINITE_RECURSION = YES;
				CLANG_WARN_INT_CONVERSION = YES;
				CLANG_WARN_NON_LITERAL_NULL_CONVERSION = YES;
				CLANG_WARN_OBJC_IMPLICIT_RETAIN_SELF = YES;
				CLANG_WARN_OBJC_LITERAL_CONVERSION = YES;
				CLANG_WARN_OBJC_ROOT_CLASS = YES_ERROR;
				CLANG_WARN_QUOTED_INCLUDE_IN_FRAMEWORK_HEADER = YES;
				CLANG_WARN_RANGE_LOOP_ANALYSIS = YES;
				CLANG_WARN_STRICT_PROTOTYPES = YES;
				CLANG_WARN_SUSPICIOUS_MOVE = YES;
				CLANG_WARN_UNGUARDED_AVAILABILITY = YES_AGGRESSIVE;
				CLANG_WARN_UNREACHABLE_CODE = YES;
				CLANG_WARN__DUPLICATE_METHOD_MATCH = YES;
				COPY_PHASE_STRIP = NO;
				DEBUG_INFORMATION_FORMAT = dwarf;
				ENABLE_STRICT_OBJC_MSGSEND = YES;
				ENABLE_TESTABILITY = YES;
				GCC_C_LANGUAGE_STANDARD = gnu11;
				GCC_DYNAMIC_NO_PIC = NO;
				GCC_NO_COMMON_BLOCKS = YES;
				GCC_OPTIMIZATION_LEVEL = 0;
				GCC_PREPROCESSOR_DEFINITIONS = (
					"DEBUG=1",
					"$(inherited)",
				);
				GCC_WARN_64_TO_32_BIT_CONVERSION = YES;
				GCC_WARN_ABOUT_RETURN_TYPE = YES_ERROR;
				GCC_WARN_UNDECLARED_SELECTOR = YES;
				GCC_WARN_UNINITIALIZED_AUTOS = YES_AGGRESSIVE;
				GCC_WARN_UNUSED_FUNCTION = YES;
				GCC_WARN_UNUSED_VARIABLE = YES;
				MTL_ENABLE_DEBUG_INFO = INCLUDE_SOURCE;
				MTL_FAST_MATH = YES;
				ONLY_ACTIVE_ARCH = YES;
				SWIFT_ACTIVE_COMPILATION_CONDITIONS = DEBUG;
				SWIFT_OPTIMIZATION_LEVEL = "-Onone";
			};
			name = Debug;
		};
		255C01842A11B68C008DBCAC /* Release */ = {
			isa = XCBuildConfiguration;
			buildSettings = {
				ALWAYS_SEARCH_USER_PATHS = NO;
				CLANG_ANALYZER_NONNULL = YES;
				CLANG_ANALYZER_NUMBER_OBJECT_CONVERSION = YES_AGGRESSIVE;
				CLANG_CXX_LANGUAGE_STANDARD = "gnu++20";
				CLANG_ENABLE_MODULES = YES;
				CLANG_ENABLE_OBJC_ARC = YES;
				CLANG_ENABLE_OBJC_WEAK = YES;
				CLANG_WARN_BLOCK_CAPTURE_AUTORELEASING = YES;
				CLANG_WARN_BOOL_CONVERSION = YES;
				CLANG_WARN_COMMA = YES;
				CLANG_WARN_CONSTANT_CONVERSION = YES;
				CLANG_WARN_DEPRECATED_OBJC_IMPLEMENTATIONS = YES;
				CLANG_WARN_DIRECT_OBJC_ISA_USAGE = YES_ERROR;
				CLANG_WARN_DOCUMENTATION_COMMENTS = YES;
				CLANG_WARN_EMPTY_BODY = YES;
				CLANG_WARN_ENUM_CONVERSION = YES;
				CLANG_WARN_INFINITE_RECURSION = YES;
				CLANG_WARN_INT_CONVERSION = YES;
				CLANG_WARN_NON_LITERAL_NULL_CONVERSION = YES;
				CLANG_WARN_OBJC_IMPLICIT_RETAIN_SELF = YES;
				CLANG_WARN_OBJC_LITERAL_CONVERSION = YES;
				CLANG_WARN_OBJC_ROOT_CLASS = YES_ERROR;
				CLANG_WARN_QUOTED_INCLUDE_IN_FRAMEWORK_HEADER = YES;
				CLANG_WARN_RANGE_LOOP_ANALYSIS = YES;
				CLANG_WARN_STRICT_PROTOTYPES = YES;
				CLANG_WARN_SUSPICIOUS_MOVE = YES;
				CLANG_WARN_UNGUARDED_AVAILABILITY = YES_AGGRESSIVE;
				CLANG_WARN_UNREACHABLE_CODE = YES;
				CLANG_WARN__DUPLICATE_METHOD_MATCH = YES;
				COPY_PHASE_STRIP = NO;
				DEBUG_INFORMATION_FORMAT = "dwarf-with-dsym";
				ENABLE_NS_ASSERTIONS = NO;
				ENABLE_STRICT_OBJC_MSGSEND = YES;
				GCC_C_LANGUAGE_STANDARD = gnu11;
				GCC_NO_COMMON_BLOCKS = YES;
				GCC_WARN_64_TO_32_BIT_CONVERSION = YES;
				GCC_WARN_ABOUT_RETURN_TYPE = YES_ERROR;
				GCC_WARN_UNDECLARED_SELECTOR = YES;
				GCC_WARN_UNINITIALIZED_AUTOS = YES_AGGRESSIVE;
				GCC_WARN_UNUSED_FUNCTION = YES;
				GCC_WARN_UNUSED_VARIABLE = YES;
				MTL_ENABLE_DEBUG_INFO = NO;
				MTL_FAST_MATH = YES;
				SWIFT_COMPILATION_MODE = wholemodule;
				SWIFT_OPTIMIZATION_LEVEL = "-O";
			};
			name = Release;
		};
		255C01862A11B68C008DBCAC /* Debug */ = {
			isa = XCBuildConfiguration;
			buildSettings = {
				ASSETCATALOG_COMPILER_APPICON_NAME = AppIcon;
				ASSETCATALOG_COMPILER_GLOBAL_ACCENT_COLOR_NAME = AccentColor;
				CODE_SIGN_ENTITLEMENTS = hw3/hw3.entitlements;
				CODE_SIGN_STYLE = Automatic;
				CURRENT_PROJECT_VERSION = 1;
				DEVELOPMENT_ASSET_PATHS = "\"hw3/Preview Content\"";
				ENABLE_PREVIEWS = YES;
				GENERATE_INFOPLIST_FILE = YES;
				"INFOPLIST_KEY_UIApplicationSceneManifest_Generation[sdk=iphoneos*]" = YES;
				"INFOPLIST_KEY_UIApplicationSceneManifest_Generation[sdk=iphonesimulator*]" = YES;
				"INFOPLIST_KEY_UIApplicationSupportsIndirectInputEvents[sdk=iphoneos*]" = YES;
				"INFOPLIST_KEY_UIApplicationSupportsIndirectInputEvents[sdk=iphonesimulator*]" = YES;
				"INFOPLIST_KEY_UILaunchScreen_Generation[sdk=iphoneos*]" = YES;
				"INFOPLIST_KEY_UILaunchScreen_Generation[sdk=iphonesimulator*]" = YES;
				"INFOPLIST_KEY_UIStatusBarStyle[sdk=iphoneos*]" = UIStatusBarStyleDefault;
				"INFOPLIST_KEY_UIStatusBarStyle[sdk=iphonesimulator*]" = UIStatusBarStyleDefault;
				INFOPLIST_KEY_UISupportedInterfaceOrientations_iPad = "UIInterfaceOrientationPortrait UIInterfaceOrientationPortraitUpsideDown UIInterfaceOrientationLandscapeLeft UIInterfaceOrientationLandscapeRight";
				INFOPLIST_KEY_UISupportedInterfaceOrientations_iPhone = "UIInterfaceOrientationPortrait UIInterfaceOrientationLandscapeLeft UIInterfaceOrientationLandscapeRight";
				IPHONEOS_DEPLOYMENT_TARGET = 16.1;
				LD_RUNPATH_SEARCH_PATHS = "@executable_path/Frameworks";
				"LD_RUNPATH_SEARCH_PATHS[sdk=macosx*]" = "@executable_path/../Frameworks";
				MACOSX_DEPLOYMENT_TARGET = 13.0;
				MARKETING_VERSION = 1.0;
				PRODUCT_BUNDLE_IDENTIFIER = com.blakeboris.hw3;
				PRODUCT_NAME = "$(TARGET_NAME)";
				SDKROOT = auto;
				SUPPORTED_PLATFORMS = "iphoneos iphonesimulator macosx";
				SWIFT_EMIT_LOC_STRINGS = YES;
				SWIFT_VERSION = 5.0;
				TARGETED_DEVICE_FAMILY = "1,2";
			};
			name = Debug;
		};
		255C01872A11B68C008DBCAC /* Release */ = {
			isa = XCBuildConfiguration;
			buildSettings = {
				ASSETCATALOG_COMPILER_APPICON_NAME = AppIcon;
				ASSETCATALOG_COMPILER_GLOBAL_ACCENT_COLOR_NAME = AccentColor;
				CODE_SIGN_ENTITLEMENTS = hw3/hw3.entitlements;
				CODE_SIGN_STYLE = Automatic;
				CURRENT_PROJECT_VERSION = 1;
				DEVELOPMENT_ASSET_PATHS = "\"hw3/Preview Content\"";
				ENABLE_PREVIEWS = YES;
				GENERATE_INFOPLIST_FILE = YES;
				"INFOPLIST_KEY_UIApplicationSceneManifest_Generation[sdk=iphoneos*]" = YES;
				"INFOPLIST_KEY_UIApplicationSceneManifest_Generation[sdk=iphonesimulator*]" = YES;
				"INFOPLIST_KEY_UIApplicationSupportsIndirectInputEvents[sdk=iphoneos*]" = YES;
				"INFOPLIST_KEY_UIApplicationSupportsIndirectInputEvents[sdk=iphonesimulator*]" = YES;
				"INFOPLIST_KEY_UILaunchScreen_Generation[sdk=iphoneos*]" = YES;
				"INFOPLIST_KEY_UILaunchScreen_Generation[sdk=iphonesimulator*]" = YES;
				"INFOPLIST_KEY_UIStatusBarStyle[sdk=iphoneos*]" = UIStatusBarStyleDefault;
				"INFOPLIST_KEY_UIStatusBarStyle[sdk=iphonesimulator*]" = UIStatusBarStyleDefault;
				INFOPLIST_KEY_UISupportedInterfaceOrientations_iPad = "UIInterfaceOrientationPortrait UIInterfaceOrientationPortraitUpsideDown UIInterfaceOrientationLandscapeLeft UIInterfaceOrientationLandscapeRight";
				INFOPLIST_KEY_UISupportedInterfaceOrientations_iPhone = "UIInterfaceOrientationPortrait UIInterfaceOrientationLandscapeLeft UIInterfaceOrientationLandscapeRight";
				IPHONEOS_DEPLOYMENT_TARGET = 16.1;
				LD_RUNPATH_SEARCH_PATHS = "@executable_path/Frameworks";
				"LD_RUNPATH_SEARCH_PATHS[sdk=macosx*]" = "@executable_path/../Frameworks";
				MACOSX_DEPLOYMENT_TARGET = 13.0;
				MARKETING_VERSION = 1.0;
				PRODUCT_BUNDLE_IDENTIFIER = com.blakeboris.hw3;
				PRODUCT_NAME = "$(TARGET_NAME)";
				SDKROOT = auto;
				SUPPORTED_PLATFORMS = "iphoneos iphonesimulator macosx";
				SWIFT_EMIT_LOC_STRINGS = YES;
				SWIFT_VERSION = 5.0;
				TARGETED_DEVICE_FAMILY = "1,2";
			};
			name = Release;
		};
		255C01892A11B68C008DBCAC /* Debug */ = {
			isa = XCBuildConfiguration;
			buildSettings = {
				ALWAYS_EMBED_SWIFT_STANDARD_LIBRARIES = YES;
				BUNDLE_LOADER = "$(TEST_HOST)";
				CODE_SIGN_STYLE = Automatic;
				CURRENT_PROJECT_VERSION = 1;
				GENERATE_INFOPLIST_FILE = YES;
				IPHONEOS_DEPLOYMENT_TARGET = 16.1;
				MACOSX_DEPLOYMENT_TARGET = 13.0;
				MARKETING_VERSION = 1.0;
				PRODUCT_BUNDLE_IDENTIFIER = com.blakeboris.hw3Tests;
				PRODUCT_NAME = "$(TARGET_NAME)";
				SDKROOT = auto;
				SUPPORTED_PLATFORMS = "iphoneos iphonesimulator macosx";
				SWIFT_EMIT_LOC_STRINGS = NO;
				SWIFT_VERSION = 5.0;
				TARGETED_DEVICE_FAMILY = "1,2";
				TEST_HOST = "$(BUILT_PRODUCTS_DIR)/hw3.app/$(BUNDLE_EXECUTABLE_FOLDER_PATH)/hw3";
			};
			name = Debug;
		};
		255C018A2A11B68C008DBCAC /* Release */ = {
			isa = XCBuildConfiguration;
			buildSettings = {
				ALWAYS_EMBED_SWIFT_STANDARD_LIBRARIES = YES;
				BUNDLE_LOADER = "$(TEST_HOST)";
				CODE_SIGN_STYLE = Automatic;
				CURRENT_PROJECT_VERSION = 1;
				GENERATE_INFOPLIST_FILE = YES;
				IPHONEOS_DEPLOYMENT_TARGET = 16.1;
				MACOSX_DEPLOYMENT_TARGET = 13.0;
				MARKETING_VERSION = 1.0;
				PRODUCT_BUNDLE_IDENTIFIER = com.blakeboris.hw3Tests;
				PRODUCT_NAME = "$(TARGET_NAME)";
				SDKROOT = auto;
				SUPPORTED_PLATFORMS = "iphoneos iphonesimulator macosx";
				SWIFT_EMIT_LOC_STRINGS = NO;
				SWIFT_VERSION = 5.0;
				TARGETED_DEVICE_FAMILY = "1,2";
				TEST_HOST = "$(BUILT_PRODUCTS_DIR)/hw3.app/$(BUNDLE_EXECUTABLE_FOLDER_PATH)/hw3";
			};
			name = Release;
		};
		255C018C2A11B68C008DBCAC /* Debug */ = {
			isa = XCBuildConfiguration;
			buildSettings = {
				ALWAYS_EMBED_SWIFT_STANDARD_LIBRARIES = YES;
				CODE_SIGN_STYLE = Automatic;
				CURRENT_PROJECT_VERSION = 1;
				GENERATE_INFOPLIST_FILE = YES;
				IPHONEOS_DEPLOYMENT_TARGET = 16.1;
				MACOSX_DEPLOYMENT_TARGET = 13.0;
				MARKETING_VERSION = 1.0;
				PRODUCT_BUNDLE_IDENTIFIER = com.blakeboris.hw3UITests;
				PRODUCT_NAME = "$(TARGET_NAME)";
				SDKROOT = auto;
				SUPPORTED_PLATFORMS = "iphoneos iphonesimulator macosx";
				SWIFT_EMIT_LOC_STRINGS = NO;
				SWIFT_VERSION = 5.0;
				TARGETED_DEVICE_FAMILY = "1,2";
				TEST_TARGET_NAME = hw3;
			};
			name = Debug;
		};
		255C018D2A11B68C008DBCAC /* Release */ = {
			isa = XCBuildConfiguration;
			buildSettings = {
				ALWAYS_EMBED_SWIFT_STANDARD_LIBRARIES = YES;
				CODE_SIGN_STYLE = Automatic;
				CURRENT_PROJECT_VERSION = 1;
				GENERATE_INFOPLIST_FILE = YES;
				IPHONEOS_DEPLOYMENT_TARGET = 16.1;
				MACOSX_DEPLOYMENT_TARGET = 13.0;
				MARKETING_VERSION = 1.0;
				PRODUCT_BUNDLE_IDENTIFIER = com.blakeboris.hw3UITests;
				PRODUCT_NAME = "$(TARGET_NAME)";
				SDKROOT = auto;
				SUPPORTED_PLATFORMS = "iphoneos iphonesimulator macosx";
				SWIFT_EMIT_LOC_STRINGS = NO;
				SWIFT_VERSION = 5.0;
				TARGETED_DEVICE_FAMILY = "1,2";
				TEST_TARGET_NAME = hw3;
			};
			name = Release;
		};
/* End XCBuildConfiguration section */

/* Begin XCConfigurationList section */
		255C015B2A11B68B008DBCAC /* Build configuration list for PBXProject "hw3" */ = {
			isa = XCConfigurationList;
			buildConfigurations = (
				255C01832A11B68C008DBCAC /* Debug */,
				255C01842A11B68C008DBCAC /* Release */,
			);
			defaultConfigurationIsVisible = 0;
			defaultConfigurationName = Release;
		};
		255C01852A11B68C008DBCAC /* Build configuration list for PBXNativeTarget "hw3" */ = {
			isa = XCConfigurationList;
			buildConfigurations = (
				255C01862A11B68C008DBCAC /* Debug */,
				255C01872A11B68C008DBCAC /* Release */,
			);
			defaultConfigurationIsVisible = 0;
			defaultConfigurationName = Release;
		};
		255C01882A11B68C008DBCAC /* Build configuration list for PBXNativeTarget "hw3Tests" */ = {
			isa = XCConfigurationList;
			buildConfigurations = (
				255C01892A11B68C008DBCAC /* Debug */,
				255C018A2A11B68C008DBCAC /* Release */,
			);
			defaultConfigurationIsVisible = 0;
			defaultConfigurationName = Release;
		};
		255C018B2A11B68C008DBCAC /* Build configuration list for PBXNativeTarget "hw3UITests" */ = {
			isa = XCConfigurationList;
			buildConfigurations = (
				255C018C2A11B68C008DBCAC /* Debug */,
				255C018D2A11B68C008DBCAC /* Release */,
			);
			defaultConfigurationIsVisible = 0;
			defaultConfigurationName = Release;
		};
/* End XCConfigurationList section */
	};
	rootObject = 255C01582A11B68B008DBCAC /* Project object */;
}
