// !$*UTF8*$!
{
	archiveVersion = 1;
	classes = {
	};
	objectVersion = 56;
	objects = {

/* Begin PBXBuildFile section */
		257004C329F8A45700E08371 /* AppDelegate.swift in Sources */ = {isa = PBXBuildFile; fileRef = 257004C229F8A45700E08371 /* AppDelegate.swift */; };
		257004C529F8A45700E08371 /* SceneDelegate.swift in Sources */ = {isa = PBXBuildFile; fileRef = 257004C429F8A45700E08371 /* SceneDelegate.swift */; };
		257004C729F8A45700E08371 /* ViewController.swift in Sources */ = {isa = PBXBuildFile; fileRef = 257004C629F8A45700E08371 /* ViewController.swift */; };
		257004CA29F8A45700E08371 /* Main.storyboard in Resources */ = {isa = PBXBuildFile; fileRef = 257004C829F8A45700E08371 /* Main.storyboard */; };
		257004CC29F8A45900E08371 /* Assets.xcassets in Resources */ = {isa = PBXBuildFile; fileRef = 257004CB29F8A45900E08371 /* Assets.xcassets */; };
		257004CF29F8A45900E08371 /* LaunchScreen.storyboard in Resources */ = {isa = PBXBuildFile; fileRef = 257004CD29F8A45900E08371 /* LaunchScreen.storyboard */; };
		257004DA29F8A45900E08371 /* hw2Tests.swift in Sources */ = {isa = PBXBuildFile; fileRef = 257004D929F8A45900E08371 /* hw2Tests.swift */; };
		257004E429F8A45900E08371 /* hw2UITests.swift in Sources */ = {isa = PBXBuildFile; fileRef = 257004E329F8A45900E08371 /* hw2UITests.swift */; };
		257004E629F8A45900E08371 /* hw2UITestsLaunchTests.swift in Sources */ = {isa = PBXBuildFile; fileRef = 257004E529F8A45900E08371 /* hw2UITestsLaunchTests.swift */; };
		257004F529F8E91600E08371 /* Terminal.swift in Sources */ = {isa = PBXBuildFile; fileRef = 257004F429F8E91600E08371 /* Terminal.swift */; };
		257004F729FA572400E08371 /* Train.swift in Sources */ = {isa = PBXBuildFile; fileRef = 257004F629FA572400E08371 /* Train.swift */; };
		257004F929FB3E5900E08371 /* Line.swift in Sources */ = {isa = PBXBuildFile; fileRef = 257004F829FB3E5900E08371 /* Line.swift */; };
		257004FB29FB527300E08371 /* MultipleSelectionCollectionViewCell.swift in Sources */ = {isa = PBXBuildFile; fileRef = 257004FA29FB527300E08371 /* MultipleSelectionCollectionViewCell.swift */; };
		2589717329FB7E8B0076BA69 /* TerminalCell.swift in Sources */ = {isa = PBXBuildFile; fileRef = 2589717229FB7E8B0076BA69 /* TerminalCell.swift */; };
/* End PBXBuildFile section */

/* Begin PBXContainerItemProxy section */
		257004D629F8A45900E08371 /* PBXContainerItemProxy */ = {
			isa = PBXContainerItemProxy;
			containerPortal = 257004B729F8A45700E08371 /* Project object */;
			proxyType = 1;
			remoteGlobalIDString = 257004BE29F8A45700E08371;
			remoteInfo = hw2;
		};
		257004E029F8A45900E08371 /* PBXContainerItemProxy */ = {
			isa = PBXContainerItemProxy;
			containerPortal = 257004B729F8A45700E08371 /* Project object */;
			proxyType = 1;
			remoteGlobalIDString = 257004BE29F8A45700E08371;
			remoteInfo = hw2;
		};
/* End PBXContainerItemProxy section */

/* Begin PBXFileReference section */
		257004BF29F8A45700E08371 /* hw2.app */ = {isa = PBXFileReference; explicitFileType = wrapper.application; includeInIndex = 0; path = hw2.app; sourceTree = BUILT_PRODUCTS_DIR; };
		257004C229F8A45700E08371 /* AppDelegate.swift */ = {isa = PBXFileReference; lastKnownFileType = sourcecode.swift; path = AppDelegate.swift; sourceTree = "<group>"; };
		257004C429F8A45700E08371 /* SceneDelegate.swift */ = {isa = PBXFileReference; lastKnownFileType = sourcecode.swift; path = SceneDelegate.swift; sourceTree = "<group>"; };
		257004C629F8A45700E08371 /* ViewController.swift */ = {isa = PBXFileReference; lastKnownFileType = sourcecode.swift; path = ViewController.swift; sourceTree = "<group>"; };
		257004C929F8A45700E08371 /* Base */ = {isa = PBXFileReference; lastKnownFileType = file.storyboard; name = Base; path = Base.lproj/Main.storyboard; sourceTree = "<group>"; };
		257004CB29F8A45900E08371 /* Assets.xcassets */ = {isa = PBXFileReference; lastKnownFileType = folder.assetcatalog; path = Assets.xcassets; sourceTree = "<group>"; };
		257004CE29F8A45900E08371 /* Base */ = {isa = PBXFileReference; lastKnownFileType = file.storyboard; name = Base; path = Base.lproj/LaunchScreen.storyboard; sourceTree = "<group>"; };
		257004D029F8A45900E08371 /* Info.plist */ = {isa = PBXFileReference; lastKnownFileType = text.plist.xml; path = Info.plist; sourceTree = "<group>"; };
		257004D529F8A45900E08371 /* hw2Tests.xctest */ = {isa = PBXFileReference; explicitFileType = wrapper.cfbundle; includeInIndex = 0; path = hw2Tests.xctest; sourceTree = BUILT_PRODUCTS_DIR; };
		257004D929F8A45900E08371 /* hw2Tests.swift */ = {isa = PBXFileReference; lastKnownFileType = sourcecode.swift; path = hw2Tests.swift; sourceTree = "<group>"; };
		257004DF29F8A45900E08371 /* hw2UITests.xctest */ = {isa = PBXFileReference; explicitFileType = wrapper.cfbundle; includeInIndex = 0; path = hw2UITests.xctest; sourceTree = BUILT_PRODUCTS_DIR; };
		257004E329F8A45900E08371 /* hw2UITests.swift */ = {isa = PBXFileReference; lastKnownFileType = sourcecode.swift; path = hw2UITests.swift; sourceTree = "<group>"; };
		257004E529F8A45900E08371 /* hw2UITestsLaunchTests.swift */ = {isa = PBXFileReference; lastKnownFileType = sourcecode.swift; path = hw2UITestsLaunchTests.swift; sourceTree = "<group>"; };
		257004F429F8E91600E08371 /* Terminal.swift */ = {isa = PBXFileReference; lastKnownFileType = sourcecode.swift; path = Terminal.swift; sourceTree = "<group>"; };
		257004F629FA572400E08371 /* Train.swift */ = {isa = PBXFileReference; lastKnownFileType = sourcecode.swift; path = Train.swift; sourceTree = "<group>"; };
		257004F829FB3E5900E08371 /* Line.swift */ = {isa = PBXFileReference; lastKnownFileType = sourcecode.swift; path = Line.swift; sourceTree = "<group>"; };
		257004FA29FB527300E08371 /* MultipleSelectionCollectionViewCell.swift */ = {isa = PBXFileReference; lastKnownFileType = sourcecode.swift; path = MultipleSelectionCollectionViewCell.swift; sourceTree = "<group>"; };
		2589717229FB7E8B0076BA69 /* TerminalCell.swift */ = {isa = PBXFileReference; lastKnownFileType = sourcecode.swift; path = TerminalCell.swift; sourceTree = "<group>"; };
/* End PBXFileReference section */

/* Begin PBXFrameworksBuildPhase section */
		257004BC29F8A45700E08371 /* Frameworks */ = {
			isa = PBXFrameworksBuildPhase;
			buildActionMask = 2147483647;
			files = (
			);
			runOnlyForDeploymentPostprocessing = 0;
		};
		257004D229F8A45900E08371 /* Frameworks */ = {
			isa = PBXFrameworksBuildPhase;
			buildActionMask = 2147483647;
			files = (
			);
			runOnlyForDeploymentPostprocessing = 0;
		};
		257004DC29F8A45900E08371 /* Frameworks */ = {
			isa = PBXFrameworksBuildPhase;
			buildActionMask = 2147483647;
			files = (
			);
			runOnlyForDeploymentPostprocessing = 0;
		};
/* End PBXFrameworksBuildPhase section */

/* Begin PBXGroup section */
		257004B629F8A45700E08371 = {
			isa = PBXGroup;
			children = (
				257004C129F8A45700E08371 /* hw2 */,
				257004D829F8A45900E08371 /* hw2Tests */,
				257004E229F8A45900E08371 /* hw2UITests */,
				257004C029F8A45700E08371 /* Products */,
			);
			sourceTree = "<group>";
		};
		257004C029F8A45700E08371 /* Products */ = {
			isa = PBXGroup;
			children = (
				257004BF29F8A45700E08371 /* hw2.app */,
				257004D529F8A45900E08371 /* hw2Tests.xctest */,
				257004DF29F8A45900E08371 /* hw2UITests.xctest */,
			);
			name = Products;
			sourceTree = "<group>";
		};
		257004C129F8A45700E08371 /* hw2 */ = {
			isa = PBXGroup;
			children = (
				257004C229F8A45700E08371 /* AppDelegate.swift */,
				257004C429F8A45700E08371 /* SceneDelegate.swift */,
				257004C629F8A45700E08371 /* ViewController.swift */,
				2589717229FB7E8B0076BA69 /* TerminalCell.swift */,
				257004F629FA572400E08371 /* Train.swift */,
				257004F829FB3E5900E08371 /* Line.swift */,
				257004F429F8E91600E08371 /* Terminal.swift */,
				257004FA29FB527300E08371 /* MultipleSelectionCollectionViewCell.swift */,
				257004C829F8A45700E08371 /* Main.storyboard */,
				257004CB29F8A45900E08371 /* Assets.xcassets */,
				257004CD29F8A45900E08371 /* LaunchScreen.storyboard */,
				257004D029F8A45900E08371 /* Info.plist */,
			);
			path = hw2;
			sourceTree = "<group>";
		};
		257004D829F8A45900E08371 /* hw2Tests */ = {
			isa = PBXGroup;
			children = (
				257004D929F8A45900E08371 /* hw2Tests.swift */,
			);
			path = hw2Tests;
			sourceTree = "<group>";
		};
		257004E229F8A45900E08371 /* hw2UITests */ = {
			isa = PBXGroup;
			children = (
				257004E329F8A45900E08371 /* hw2UITests.swift */,
				257004E529F8A45900E08371 /* hw2UITestsLaunchTests.swift */,
			);
			path = hw2UITests;
			sourceTree = "<group>";
		};
/* End PBXGroup section */

/* Begin PBXNativeTarget section */
		257004BE29F8A45700E08371 /* hw2 */ = {
			isa = PBXNativeTarget;
			buildConfigurationList = 257004E929F8A45900E08371 /* Build configuration list for PBXNativeTarget "hw2" */;
			buildPhases = (
				257004BB29F8A45700E08371 /* Sources */,
				257004BC29F8A45700E08371 /* Frameworks */,
				257004BD29F8A45700E08371 /* Resources */,
			);
			buildRules = (
			);
			dependencies = (
			);
			name = hw2;
			productName = hw2;
			productReference = 257004BF29F8A45700E08371 /* hw2.app */;
			productType = "com.apple.product-type.application";
		};
		257004D429F8A45900E08371 /* hw2Tests */ = {
			isa = PBXNativeTarget;
			buildConfigurationList = 257004EC29F8A45900E08371 /* Build configuration list for PBXNativeTarget "hw2Tests" */;
			buildPhases = (
				257004D129F8A45900E08371 /* Sources */,
				257004D229F8A45900E08371 /* Frameworks */,
				257004D329F8A45900E08371 /* Resources */,
			);
			buildRules = (
			);
			dependencies = (
				257004D729F8A45900E08371 /* PBXTargetDependency */,
			);
			name = hw2Tests;
			productName = hw2Tests;
			productReference = 257004D529F8A45900E08371 /* hw2Tests.xctest */;
			productType = "com.apple.product-type.bundle.unit-test";
		};
		257004DE29F8A45900E08371 /* hw2UITests */ = {
			isa = PBXNativeTarget;
			buildConfigurationList = 257004EF29F8A45900E08371 /* Build configuration list for PBXNativeTarget "hw2UITests" */;
			buildPhases = (
				257004DB29F8A45900E08371 /* Sources */,
				257004DC29F8A45900E08371 /* Frameworks */,
				257004DD29F8A45900E08371 /* Resources */,
			);
			buildRules = (
			);
			dependencies = (
				257004E129F8A45900E08371 /* PBXTargetDependency */,
			);
			name = hw2UITests;
			productName = hw2UITests;
			productReference = 257004DF29F8A45900E08371 /* hw2UITests.xctest */;
			productType = "com.apple.product-type.bundle.ui-testing";
		};
/* End PBXNativeTarget section */

/* Begin PBXProject section */
		257004B729F8A45700E08371 /* Project object */ = {
			isa = PBXProject;
			attributes = {
				BuildIndependentTargetsInParallel = 1;
				LastSwiftUpdateCheck = 1410;
				LastUpgradeCheck = 1410;
				TargetAttributes = {
					257004BE29F8A45700E08371 = {
						CreatedOnToolsVersion = 14.1;
					};
					257004D429F8A45900E08371 = {
						CreatedOnToolsVersion = 14.1;
						TestTargetID = 257004BE29F8A45700E08371;
					};
					257004DE29F8A45900E08371 = {
						CreatedOnToolsVersion = 14.1;
						TestTargetID = 257004BE29F8A45700E08371;
					};
				};
			};
			buildConfigurationList = 257004BA29F8A45700E08371 /* Build configuration list for PBXProject "hw2" */;
			compatibilityVersion = "Xcode 14.0";
			developmentRegion = en;
			hasScannedForEncodings = 0;
			knownRegions = (
				en,
				Base,
			);
			mainGroup = 257004B629F8A45700E08371;
			productRefGroup = 257004C029F8A45700E08371 /* Products */;
			projectDirPath = "";
			projectRoot = "";
			targets = (
				257004BE29F8A45700E08371 /* hw2 */,
				257004D429F8A45900E08371 /* hw2Tests */,
				257004DE29F8A45900E08371 /* hw2UITests */,
			);
		};
/* End PBXProject section */

/* Begin PBXResourcesBuildPhase section */
		257004BD29F8A45700E08371 /* Resources */ = {
			isa = PBXResourcesBuildPhase;
			buildActionMask = 2147483647;
			files = (
				257004CF29F8A45900E08371 /* LaunchScreen.storyboard in Resources */,
				257004CC29F8A45900E08371 /* Assets.xcassets in Resources */,
				257004CA29F8A45700E08371 /* Main.storyboard in Resources */,
			);
			runOnlyForDeploymentPostprocessing = 0;
		};
		257004D329F8A45900E08371 /* Resources */ = {
			isa = PBXResourcesBuildPhase;
			buildActionMask = 2147483647;
			files = (
			);
			runOnlyForDeploymentPostprocessing = 0;
		};
		257004DD29F8A45900E08371 /* Resources */ = {
			isa = PBXResourcesBuildPhase;
			buildActionMask = 2147483647;
			files = (
			);
			runOnlyForDeploymentPostprocessing = 0;
		};
/* End PBXResourcesBuildPhase section */

/* Begin PBXSourcesBuildPhase section */
		257004BB29F8A45700E08371 /* Sources */ = {
			isa = PBXSourcesBuildPhase;
			buildActionMask = 2147483647;
			files = (
				257004C729F8A45700E08371 /* ViewController.swift in Sources */,
				2589717329FB7E8B0076BA69 /* TerminalCell.swift in Sources */,
				257004F529F8E91600E08371 /* Terminal.swift in Sources */,
				257004FB29FB527300E08371 /* MultipleSelectionCollectionViewCell.swift in Sources */,
				257004C329F8A45700E08371 /* AppDelegate.swift in Sources */,
				257004F929FB3E5900E08371 /* Line.swift in Sources */,
				257004F729FA572400E08371 /* Train.swift in Sources */,
				257004C529F8A45700E08371 /* SceneDelegate.swift in Sources */,
			);
			runOnlyForDeploymentPostprocessing = 0;
		};
		257004D129F8A45900E08371 /* Sources */ = {
			isa = PBXSourcesBuildPhase;
			buildActionMask = 2147483647;
			files = (
				257004DA29F8A45900E08371 /* hw2Tests.swift in Sources */,
			);
			runOnlyForDeploymentPostprocessing = 0;
		};
		257004DB29F8A45900E08371 /* Sources */ = {
			isa = PBXSourcesBuildPhase;
			buildActionMask = 2147483647;
			files = (
				257004E629F8A45900E08371 /* hw2UITestsLaunchTests.swift in Sources */,
				257004E429F8A45900E08371 /* hw2UITests.swift in Sources */,
			);
			runOnlyForDeploymentPostprocessing = 0;
		};
/* End PBXSourcesBuildPhase section */

/* Begin PBXTargetDependency section */
		257004D729F8A45900E08371 /* PBXTargetDependency */ = {
			isa = PBXTargetDependency;
			target = 257004BE29F8A45700E08371 /* hw2 */;
			targetProxy = 257004D629F8A45900E08371 /* PBXContainerItemProxy */;
		};
		257004E129F8A45900E08371 /* PBXTargetDependency */ = {
			isa = PBXTargetDependency;
			target = 257004BE29F8A45700E08371 /* hw2 */;
			targetProxy = 257004E029F8A45900E08371 /* PBXContainerItemProxy */;
		};
/* End PBXTargetDependency section */

/* Begin PBXVariantGroup section */
		257004C829F8A45700E08371 /* Main.storyboard */ = {
			isa = PBXVariantGroup;
			children = (
				257004C929F8A45700E08371 /* Base */,
			);
			name = Main.storyboard;
			sourceTree = "<group>";
		};
		257004CD29F8A45900E08371 /* LaunchScreen.storyboard */ = {
			isa = PBXVariantGroup;
			children = (
				257004CE29F8A45900E08371 /* Base */,
			);
			name = LaunchScreen.storyboard;
			sourceTree = "<group>";
		};
/* End PBXVariantGroup section */

/* Begin XCBuildConfiguration section */
		257004E729F8A45900E08371 /* Debug */ = {
			isa = XCBuildConfiguration;
			buildSettings = {
				ALWAYS_SEARCH_USER_PATHS = NO;
				CLANG_ANALYZER_NONNULL = YES;
				CLANG_ANALYZER_NUMBER_OBJECT_CONVERSION = YES_AGGRESSIVE;
				CLANG_CXX_LANGUAGE_STANDARD = "gnu++20";
				CLANG_ENABLE_MODULES = YES;
				CLANG_ENABLE_OBJC_ARC = YES;
				CLANG_ENABLE_OBJC_WEAK = YES;
				CLANG_WARN_BLOCK_CAPTURE_AUTORELEASING = YES;
				CLANG_WARN_BOOL_CONVERSION = YES;
				CLANG_WARN_COMMA = YES;
				CLANG_WARN_CONSTANT_CONVERSION = YES;
				CLANG_WARN_DEPRECATED_OBJC_IMPLEMENTATIONS = YES;
				CLANG_WARN_DIRECT_OBJC_ISA_USAGE = YES_ERROR;
				CLANG_WARN_DOCUMENTATION_COMMENTS = YES;
				CLANG_WARN_EMPTY_BODY = YES;
				CLANG_WARN_ENUM_CONVERSION = YES;
				CLANG_WARN_INFINITE_RECURSION = YES;
				CLANG_WARN_INT_CONVERSION = YES;
				CLANG_WARN_NON_LITERAL_NULL_CONVERSION = YES;
				CLANG_WARN_OBJC_IMPLICIT_RETAIN_SELF = YES;
				CLANG_WARN_OBJC_LITERAL_CONVERSION = YES;
				CLANG_WARN_OBJC_ROOT_CLASS = YES_ERROR;
				CLANG_WARN_QUOTED_INCLUDE_IN_FRAMEWORK_HEADER = YES;
				CLANG_WARN_RANGE_LOOP_ANALYSIS = YES;
				CLANG_WARN_STRICT_PROTOTYPES = YES;
				CLANG_WARN_SUSPICIOUS_MOVE = YES;
				CLANG_WARN_UNGUARDED_AVAILABILITY = YES_AGGRESSIVE;
				CLANG_WARN_UNREACHABLE_CODE = YES;
				CLANG_WARN__DUPLICATE_METHOD_MATCH = YES;
				COPY_PHASE_STRIP = NO;
				DEBUG_INFORMATION_FORMAT = dwarf;
				ENABLE_STRICT_OBJC_MSGSEND = YES;
				ENABLE_TESTABILITY = YES;
				GCC_C_LANGUAGE_STANDARD = gnu11;
				GCC_DYNAMIC_NO_PIC = NO;
				GCC_NO_COMMON_BLOCKS = YES;
				GCC_OPTIMIZATION_LEVEL = 0;
				GCC_PREPROCESSOR_DEFINITIONS = (
					"DEBUG=1",
					"$(inherited)",
				);
				GCC_WARN_64_TO_32_BIT_CONVERSION = YES;
				GCC_WARN_ABOUT_RETURN_TYPE = YES_ERROR;
				GCC_WARN_UNDECLARED_SELECTOR = YES;
				GCC_WARN_UNINITIALIZED_AUTOS = YES_AGGRESSIVE;
				GCC_WARN_UNUSED_FUNCTION = YES;
				GCC_WARN_UNUSED_VARIABLE = YES;
				IPHONEOS_DEPLOYMENT_TARGET = 16.1;
				MTL_ENABLE_DEBUG_INFO = INCLUDE_SOURCE;
				MTL_FAST_MATH = YES;
				ONLY_ACTIVE_ARCH = YES;
				SDKROOT = iphoneos;
				SWIFT_ACTIVE_COMPILATION_CONDITIONS = DEBUG;
				SWIFT_OPTIMIZATION_LEVEL = "-Onone";
			};
			name = Debug;
		};
		257004E829F8A45900E08371 /* Release */ = {
			isa = XCBuildConfiguration;
			buildSettings = {
				ALWAYS_SEARCH_USER_PATHS = NO;
				CLANG_ANALYZER_NONNULL = YES;
				CLANG_ANALYZER_NUMBER_OBJECT_CONVERSION = YES_AGGRESSIVE;
				CLANG_CXX_LANGUAGE_STANDARD = "gnu++20";
				CLANG_ENABLE_MODULES = YES;
				CLANG_ENABLE_OBJC_ARC = YES;
				CLANG_ENABLE_OBJC_WEAK = YES;
				CLANG_WARN_BLOCK_CAPTURE_AUTORELEASING = YES;
				CLANG_WARN_BOOL_CONVERSION = YES;
				CLANG_WARN_COMMA = YES;
				CLANG_WARN_CONSTANT_CONVERSION = YES;
				CLANG_WARN_DEPRECATED_OBJC_IMPLEMENTATIONS = YES;
				CLANG_WARN_DIRECT_OBJC_ISA_USAGE = YES_ERROR;
				CLANG_WARN_DOCUMENTATION_COMMENTS = YES;
				CLANG_WARN_EMPTY_BODY = YES;
				CLANG_WARN_ENUM_CONVERSION = YES;
				CLANG_WARN_INFINITE_RECURSION = YES;
				CLANG_WARN_INT_CONVERSION = YES;
				CLANG_WARN_NON_LITERAL_NULL_CONVERSION = YES;
				CLANG_WARN_OBJC_IMPLICIT_RETAIN_SELF = YES;
				CLANG_WARN_OBJC_LITERAL_CONVERSION = YES;
				CLANG_WARN_OBJC_ROOT_CLASS = YES_ERROR;
				CLANG_WARN_QUOTED_INCLUDE_IN_FRAMEWORK_HEADER = YES;
				CLANG_WARN_RANGE_LOOP_ANALYSIS = YES;
				CLANG_WARN_STRICT_PROTOTYPES = YES;
				CLANG_WARN_SUSPICIOUS_MOVE = YES;
				CLANG_WARN_UNGUARDED_AVAILABILITY = YES_AGGRESSIVE;
				CLANG_WARN_UNREACHABLE_CODE = YES;
				CLANG_WARN__DUPLICATE_METHOD_MATCH = YES;
				COPY_PHASE_STRIP = NO;
				DEBUG_INFORMATION_FORMAT = "dwarf-with-dsym";
				ENABLE_NS_ASSERTIONS = NO;
				ENABLE_STRICT_OBJC_MSGSEND = YES;
				GCC_C_LANGUAGE_STANDARD = gnu11;
				GCC_NO_COMMON_BLOCKS = YES;
				GCC_WARN_64_TO_32_BIT_CONVERSION = YES;
				GCC_WARN_ABOUT_RETURN_TYPE = YES_ERROR;
				GCC_WARN_UNDECLARED_SELECTOR = YES;
				GCC_WARN_UNINITIALIZED_AUTOS = YES_AGGRESSIVE;
				GCC_WARN_UNUSED_FUNCTION = YES;
				GCC_WARN_UNUSED_VARIABLE = YES;
				IPHONEOS_DEPLOYMENT_TARGET = 16.1;
				MTL_ENABLE_DEBUG_INFO = NO;
				MTL_FAST_MATH = YES;
				SDKROOT = iphoneos;
				SWIFT_COMPILATION_MODE = wholemodule;
				SWIFT_OPTIMIZATION_LEVEL = "-O";
				VALIDATE_PRODUCT = YES;
			};
			name = Release;
		};
		257004EA29F8A45900E08371 /* Debug */ = {
			isa = XCBuildConfiguration;
			buildSettings = {
				ASSETCATALOG_COMPILER_APPICON_NAME = AppIcon;
				ASSETCATALOG_COMPILER_GLOBAL_ACCENT_COLOR_NAME = AccentColor;
				CODE_SIGN_STYLE = Automatic;
				CURRENT_PROJECT_VERSION = 1;
				GENERATE_INFOPLIST_FILE = YES;
				INFOPLIST_FILE = hw2/Info.plist;
				INFOPLIST_KEY_UIApplicationSupportsIndirectInputEvents = YES;
				INFOPLIST_KEY_UILaunchStoryboardName = LaunchScreen;
				INFOPLIST_KEY_UIMainStoryboardFile = Main;
				INFOPLIST_KEY_UISupportedInterfaceOrientations_iPad = "UIInterfaceOrientationPortrait UIInterfaceOrientationPortraitUpsideDown UIInterfaceOrientationLandscapeLeft UIInterfaceOrientationLandscapeRight";
				INFOPLIST_KEY_UISupportedInterfaceOrientations_iPhone = "UIInterfaceOrientationPortrait UIInterfaceOrientationLandscapeLeft UIInterfaceOrientationLandscapeRight";
				LD_RUNPATH_SEARCH_PATHS = (
					"$(inherited)",
					"@executable_path/Frameworks",
				);
				MARKETING_VERSION = 1.0;
				PRODUCT_BUNDLE_IDENTIFIER = com.blakeboris.hw2;
				PRODUCT_NAME = "$(TARGET_NAME)";
				SWIFT_EMIT_LOC_STRINGS = YES;
				SWIFT_VERSION = 5.0;
				TARGETED_DEVICE_FAMILY = "1,2";
			};
			name = Debug;
		};
		257004EB29F8A45900E08371 /* Release */ = {
			isa = XCBuildConfiguration;
			buildSettings = {
				ASSETCATALOG_COMPILER_APPICON_NAME = AppIcon;
				ASSETCATALOG_COMPILER_GLOBAL_ACCENT_COLOR_NAME = AccentColor;
				CODE_SIGN_STYLE = Automatic;
				CURRENT_PROJECT_VERSION = 1;
				GENERATE_INFOPLIST_FILE = YES;
				INFOPLIST_FILE = hw2/Info.plist;
				INFOPLIST_KEY_UIApplicationSupportsIndirectInputEvents = YES;
				INFOPLIST_KEY_UILaunchStoryboardName = LaunchScreen;
				INFOPLIST_KEY_UIMainStoryboardFile = Main;
				INFOPLIST_KEY_UISupportedInterfaceOrientations_iPad = "UIInterfaceOrientationPortrait UIInterfaceOrientationPortraitUpsideDown UIInterfaceOrientationLandscapeLeft UIInterfaceOrientationLandscapeRight";
				INFOPLIST_KEY_UISupportedInterfaceOrientations_iPhone = "UIInterfaceOrientationPortrait UIInterfaceOrientationLandscapeLeft UIInterfaceOrientationLandscapeRight";
				LD_RUNPATH_SEARCH_PATHS = (
					"$(inherited)",
					"@executable_path/Frameworks",
				);
				MARKETING_VERSION = 1.0;
				PRODUCT_BUNDLE_IDENTIFIER = com.blakeboris.hw2;
				PRODUCT_NAME = "$(TARGET_NAME)";
				SWIFT_EMIT_LOC_STRINGS = YES;
				SWIFT_VERSION = 5.0;
				TARGETED_DEVICE_FAMILY = "1,2";
			};
			name = Release;
		};
		257004ED29F8A45900E08371 /* Debug */ = {
			isa = XCBuildConfiguration;
			buildSettings = {
				ALWAYS_EMBED_SWIFT_STANDARD_LIBRARIES = YES;
				BUNDLE_LOADER = "$(TEST_HOST)";
				CODE_SIGN_STYLE = Automatic;
				CURRENT_PROJECT_VERSION = 1;
				GENERATE_INFOPLIST_FILE = YES;
				IPHONEOS_DEPLOYMENT_TARGET = 16.1;
				MARKETING_VERSION = 1.0;
				PRODUCT_BUNDLE_IDENTIFIER = com.blakeboris.hw2Tests;
				PRODUCT_NAME = "$(TARGET_NAME)";
				SWIFT_EMIT_LOC_STRINGS = NO;
				SWIFT_VERSION = 5.0;
				TARGETED_DEVICE_FAMILY = "1,2";
				TEST_HOST = "$(BUILT_PRODUCTS_DIR)/hw2.app/$(BUNDLE_EXECUTABLE_FOLDER_PATH)/hw2";
			};
			name = Debug;
		};
		257004EE29F8A45900E08371 /* Release */ = {
			isa = XCBuildConfiguration;
			buildSettings = {
				ALWAYS_EMBED_SWIFT_STANDARD_LIBRARIES = YES;
				BUNDLE_LOADER = "$(TEST_HOST)";
				CODE_SIGN_STYLE = Automatic;
				CURRENT_PROJECT_VERSION = 1;
				GENERATE_INFOPLIST_FILE = YES;
				IPHONEOS_DEPLOYMENT_TARGET = 16.1;
				MARKETING_VERSION = 1.0;
				PRODUCT_BUNDLE_IDENTIFIER = com.blakeboris.hw2Tests;
				PRODUCT_NAME = "$(TARGET_NAME)";
				SWIFT_EMIT_LOC_STRINGS = NO;
				SWIFT_VERSION = 5.0;
				TARGETED_DEVICE_FAMILY = "1,2";
				TEST_HOST = "$(BUILT_PRODUCTS_DIR)/hw2.app/$(BUNDLE_EXECUTABLE_FOLDER_PATH)/hw2";
			};
			name = Release;
		};
		257004F029F8A45900E08371 /* Debug */ = {
			isa = XCBuildConfiguration;
			buildSettings = {
				ALWAYS_EMBED_SWIFT_STANDARD_LIBRARIES = YES;
				CODE_SIGN_STYLE = Automatic;
				CURRENT_PROJECT_VERSION = 1;
				GENERATE_INFOPLIST_FILE = YES;
				MARKETING_VERSION = 1.0;
				PRODUCT_BUNDLE_IDENTIFIER = com.blakeboris.hw2UITests;
				PRODUCT_NAME = "$(TARGET_NAME)";
				SWIFT_EMIT_LOC_STRINGS = NO;
				SWIFT_VERSION = 5.0;
				TARGETED_DEVICE_FAMILY = "1,2";
				TEST_TARGET_NAME = hw2;
			};
			name = Debug;
		};
		257004F129F8A45900E08371 /* Release */ = {
			isa = XCBuildConfiguration;
			buildSettings = {
				ALWAYS_EMBED_SWIFT_STANDARD_LIBRARIES = YES;
				CODE_SIGN_STYLE = Automatic;
				CURRENT_PROJECT_VERSION = 1;
				GENERATE_INFOPLIST_FILE = YES;
				MARKETING_VERSION = 1.0;
				PRODUCT_BUNDLE_IDENTIFIER = com.blakeboris.hw2UITests;
				PRODUCT_NAME = "$(TARGET_NAME)";
				SWIFT_EMIT_LOC_STRINGS = NO;
				SWIFT_VERSION = 5.0;
				TARGETED_DEVICE_FAMILY = "1,2";
				TEST_TARGET_NAME = hw2;
			};
			name = Release;
		};
/* End XCBuildConfiguration section */

/* Begin XCConfigurationList section */
		257004BA29F8A45700E08371 /* Build configuration list for PBXProject "hw2" */ = {
			isa = XCConfigurationList;
			buildConfigurations = (
				257004E729F8A45900E08371 /* Debug */,
				257004E829F8A45900E08371 /* Release */,
			);
			defaultConfigurationIsVisible = 0;
			defaultConfigurationName = Release;
		};
		257004E929F8A45900E08371 /* Build configuration list for PBXNativeTarget "hw2" */ = {
			isa = XCConfigurationList;
			buildConfigurations = (
				257004EA29F8A45900E08371 /* Debug */,
				257004EB29F8A45900E08371 /* Release */,
			);
			defaultConfigurationIsVisible = 0;
			defaultConfigurationName = Release;
		};
		257004EC29F8A45900E08371 /* Build configuration list for PBXNativeTarget "hw2Tests" */ = {
			isa = XCConfigurationList;
			buildConfigurations = (
				257004ED29F8A45900E08371 /* Debug */,
				257004EE29F8A45900E08371 /* Release */,
			);
			defaultConfigurationIsVisible = 0;
			defaultConfigurationName = Release;
		};
		257004EF29F8A45900E08371 /* Build configuration list for PBXNativeTarget "hw2UITests" */ = {
			isa = XCConfigurationList;
			buildConfigurations = (
				257004F029F8A45900E08371 /* Debug */,
				257004F129F8A45900E08371 /* Release */,
			);
			defaultConfigurationIsVisible = 0;
			defaultConfigurationName = Release;
		};
/* End XCConfigurationList section */
	};
	rootObject = 257004B729F8A45700E08371 /* Project object */;
}
